{
    "_meta": {
        "hash": {
            "sha256": "0a25a9f65f1bad1037687ac115f692364e98429c38037a716a3f642fa2ba3601"
        },
        "pipfile-spec": 6,
        "requires": {
            "python_version": "3.6"
        },
        "sources": [
            {
                "name": "pypi",
                "url": "https://pypi.org/simple",
                "verify_ssl": true
            }
        ]
    },
    "default": {
        "alembic": {
            "hashes": [
                "sha256:52d73b1d750f1414fa90c25a08da47b87de1e4ad883935718a8f36396e19e78e",
                "sha256:eb7db9b4510562ec37c91d00b00d95fde076c1030d3f661aea882eec532b3565"
            ],
            "version": "==1.0.0"
        },
        "alpaca-trade-api": {
            "hashes": [
                "sha256:851c5882dd599d6eabc2689e42fd50a306ed7a8ed65305ca5b4af5a8ec6acccf",
                "sha256:b9e6454bcc6f0aae9fda51b98635f4c36b69535e3e5af24a7fe0698713ccc4d3"
            ],
            "index": "pypi",
            "version": "==0.18"
        },
        "astor": {
            "hashes": [
                "sha256:95c30d87a6c2cf89aa628b87398466840f0ad8652f88eb173125a6df8533fb8d",
                "sha256:fb503b9e2fdd05609fbf557b916b4a7824171203701660f0c55bbf5a7a68713e"
            ],
            "markers": "python_version != '3.3.*' and python_version >= '2.7' and python_version != '3.2.*' and python_version != '3.0.*' and python_version != '3.1.*'",
            "version": "==0.7.1"
        },
        "asyncio-nats-client": {
            "hashes": [
                "sha256:9ead8de704ca5af06ba186874a9d967c30cf8c0874f10bd5b83b2b07f2261109"
            ],
            "version": "==0.8.0"
        },
        "bcolz": {
            "hashes": [
                "sha256:a8dafa42cd4f3ca130ecb81f7e778204a12c2180c18fd570ef753de58ee7ddbd"
            ],
            "markers": "python_version != '3.3.*' and python_version >= '2.7' and python_version != '3.2.*' and python_version != '3.0.*' and python_version != '3.1.*'",
            "version": "==0.12.1"
        },
        "bottleneck": {
            "hashes": [
                "sha256:6efcde5f830aed64feafca0359b51db0e184c72af8ba6675b4a99f263922eb36"
            ],
            "markers": "python_version != '3.3.*' and python_version >= '2.7' and python_version != '3.2.*' and python_version != '3.0.*' and python_version != '3.1.*'",
            "version": "==1.2.1"
        },
        "certifi": {
            "hashes": [
                "sha256:376690d6f16d32f9d1fe8932551d80b23e9d393a8578c5633a2ed39a64861638",
                "sha256:456048c7e371c089d0a77a5212fb37a2c2dce1e24146e3b7e0261736aaeaa22a"
            ],
            "version": "==2018.8.24"
        },
        "chardet": {
            "hashes": [
                "sha256:84ab92ed1c4d4f16916e05906b6b75a6c0fb5db821cc65e70cbd64a3e2a5eaae",
                "sha256:fc323ffcaeaed0e0a02bf4d117757b98aed530d9ed4531e3e15460124c106691"
            ],
            "version": "==3.0.4"
        },
        "click": {
            "hashes": [
                "sha256:29f99fc6125fbc931b758dc053b3114e55c77a6e4c6c3a2674a2dc986016381d",
                "sha256:f15516df478d5a56180fbf80e68f206010e6d160fc39fa508b65e035fd75130b"
            ],
            "version": "==6.7"
        },
        "contextlib2": {
            "hashes": [
                "sha256:509f9419ee91cdd00ba34443217d5ca51f5a364a404e1dce9e8979cea969ca48",
                "sha256:f5260a6e679d2ff42ec91ec5252f4eeffdcf21053db9113bd0a8e4d953769c00"
            ],
            "version": "==0.5.5"
        },
        "cyordereddict": {
            "hashes": [
                "sha256:d9b2c31796999770801a9a49403b8cb49510ecb64e5d1e9d4763ed44f2d5a76e"
            ],
            "version": "==1.0.0"
        },
        "cython": {
            "hashes": [
                "sha256:022592d419fc754509d0e0461eb2958dbaa45fb60d51c8a61778c58994edbe36",
                "sha256:07659f4c57582104d9486c071de512fbd7e087a3a630535298442cc0e20a3f5a",
                "sha256:13c73e2ffa93a615851e03fad97591954d143b5b62361b9adef81f46a31cd8ef",
                "sha256:13eab5a2835a84ff62db343035603044c908d2b3b6eec09d67fdf9970acf7ac9",
                "sha256:183b35a48f58862c4ec1e821f07bb7b1156c8c8559c85c32ae086f28947474eb",
                "sha256:2f526b0887128bf20ab2acc905a975f62b5a04ab2f63ecbe5a30fc28285d0e0c",
                "sha256:32de8637f5e6c5a76667bc7c8fc644bd9314dc19af36db8ce30a0b92ada0f642",
                "sha256:4172c183ef4fb2ace6a29cdf7fc9200c5a471a7f775ff691975b774bd9ed3ad2",
                "sha256:553956ec06ecbd731ef0c538eb28a5b46bedea7ab89b18237ff28b4b99d65eee",
                "sha256:660eeb6870687fd3eda91e00ba4e72220545c254c8c4d967fd0c910f4fbb8cbc",
                "sha256:693a8619ef066ece055ed065a15cf440f9d3ebd1bca60e87ea19144833756433",
                "sha256:759c799e9ef418f163b5412e295e14c0a48fe3b4dcba9ab8aab69e9f511cfefd",
                "sha256:827d3a91b7a7c31ce69e5974496fd9a8ba28eb498b988affb66d0d30de11d934",
                "sha256:87e57b5d730cfab225d95e7b23abbc0c6f77598bd66639e93c73ce8afbae6f38",
                "sha256:9400e5db8383346b0694a3e794d8bded18a27b21123516dcdf4b79d7ec28e98b",
                "sha256:9ec27681c5b1b457aacb1cbda5db04aa28b76da2af6e1e1fd15f233eafe6a0b0",
                "sha256:ae4784f040a3313c8bd00c8d04934b7ade63dc59692d8f00a5235be8ed72a445",
                "sha256:b2ba8310ebd3c0e0b884d5e95bbd99d467d6af922acd1e44fe4b819839b2150e",
                "sha256:b64575241f64f6ec005a4d4137339fb0ba5e156e826db2fdb5f458060d9979e0",
                "sha256:c78ad0df75a9fc03ab28ca1b950c893a208c451a18f76796c3e25817d6994001",
                "sha256:cdbb917e41220bd3812234dbe59d15391adbc2c5d91ae11a5273aab9e32ba7ec",
                "sha256:d2223a80c623e2a8e97953ab945dfaa9385750a494438dcb55562eb1ddd9565a",
                "sha256:e22f21cf92a9f8f007a280e3b3462c886d9068132a6c698dec10ad6125e3ca1e",
                "sha256:ea5c16c48e561f4a6f6b8c24807494b77a79e156b8133521c400f22ca712101b",
                "sha256:ee7a9614d51fe16e32ca5befe72e0808baff481791728449d0b17c8b0fe29eb9",
                "sha256:ef86de9299e4ab2ebb129fb84b886bf40b9aced9807c6d6d5f28b46fb905f82c",
                "sha256:f3e4860f5458a9875caa3de65e255720c0ed2ce71f0bcdab02497b32104f9db8",
                "sha256:fc6c20a8ac22202a779ad4c59756647be0826993d2151a03c015e76d2368ae5f"
            ],
            "markers": "python_version >= '2.6' and python_version != '3.0.*' and python_version != '3.1.*' and python_version != '3.2.*'",
            "version": "==0.28.5"
        },
        "decorator": {
            "hashes": [
                "sha256:2c51dff8ef3c447388fe5e4453d24a2bf128d3a4c32af3fabef1f01c6851ab82",
                "sha256:c39efa13fbdeb4506c476c9b3babf6a718da943dab7811c206005a4a956c080c"
            ],
            "version": "==4.3.0"
        },
        "empyrical": {
            "hashes": [
                "sha256:21485df5261d0f78f4d1e1baa0a38888726a2054f0ba86997ac1b03853026fef"
            ],
            "version": "==0.5.0"
        },
        "idna": {
            "hashes": [
                "sha256:156a6814fb5ac1fc6850fb002e0852d56c0c8d2531923a51032d1b70760e186e",
                "sha256:684a38a6f903c1d71d6d5fac066b58d7768af4de2b832e426ec79c30daa94a16"
            ],
            "version": "==2.7"
        },
        "iexfinance": {
            "hashes": [
                "sha256:e68e79f1cdcd6170eb36eecd8b9d37f8a4a33c48953a66c2548c423b0171618c",
                "sha256:f15e9568b81e32b0e777fa75a7d57875022554a0c69b91a7b703619fb3153354"
            ],
            "version": "==0.3.4"
        },
        "intervaltree": {
            "hashes": [
                "sha256:aca5804b88f70cb49050c37b6de59090570f77a75aec1932966cf69f6a48810b"
            ],
            "version": "==2.1.0"
        },
        "logbook": {
            "hashes": [
                "sha256:3c0a3ebd48e89fcdd725fe393eb9226c789dca5a4e7842d65e2f256645fd1cd9",
                "sha256:97a827a49db0f543cf67a87dbbb7f3164383c801c28641630e200d00c396baa8",
                "sha256:e273188067df6c82b09a0b51d1034628fcd2dab300a074c89e64c4dbbbec0328",
                "sha256:f25f247eed81b7befca3a4646a266c7f6f328a7152d75223f9d3d0ee6476c015",
                "sha256:f4d0b079756f99181d7d87b701b09af1f5d8b17110fe39465cc7afd94db1e95c"
            ],
            "version": "==1.4.0"
        },
        "lru-dict": {
            "hashes": [
                "sha256:365457660e3d05b76f1aba3e0f7fedbfcd6528e97c5115a351ddd0db488354cc"
            ],
            "version": "==1.1.6"
        },
        "lxml": {
            "hashes": [
                "sha256:0cf1eca0652c4409e0655e04b840d6d85b7eb18718f5fba3862acad5500e3480",
                "sha256:10624ef1b468252309f269b13af4f837e3a82be366b5f3e49b0e83f1ad66205f",
                "sha256:1259e374da3a575615fe402e0966c5894bae3d2e229c2239ba4ebf2bb020c4b6",
                "sha256:26bb748af1ead0097eb8272b8a06f15a0015b8f312eef772a95f223a16e7de56",
                "sha256:27d0b13bcfcf2f6a5664e64fc3d684c76db1cdba5a5761795d154063559e0b59",
                "sha256:2b013fdabcbc21bc2770437099b921ec290235752b5baaac7a601f75094a378d",
                "sha256:2e469ea2c0b722b9b393187649e7d126c537a68512fc92a676fe86e57050c2a9",
                "sha256:37f7c2cdf513a0ea239c1609681880fb2f0073de0d2996e0ae9a7f0ef15d8b95",
                "sha256:68c6afc7a4411db2df28307e2493c945cb3d887e8f431b81811c1ea6ba087b8b",
                "sha256:73fe3452fc02c0b418914f842f897bdad0f1184368d8d9c315294ff7b94946f2",
                "sha256:7584d83d7315f641510e5f97f4d636ea225fd76e3f8aee965b2e8c93a8169b4d",
                "sha256:76e3ec6b26b1198dd5e6e20539d8360dcd3b224cd80cadba9307b790fda79161",
                "sha256:8288a889cbaa446e5fa168837456e63098b91953c89e5857968a5091b337cdca",
                "sha256:ad9e1fee284dec97b74cd88e925eca1575145598c974243cfb5e859f406adc32",
                "sha256:b360c3769cf0fd7d82577e40e37d4caf693f67744d0d61d11d66b5c31eaccf7a",
                "sha256:c4aaf320284a2713428163bae0e7df0db3b489237ab4830179210a12d56d3068",
                "sha256:c530274e43b0f376cd94e8e0a3e6ea28de1739ec4326689bdbf626e172d2e614",
                "sha256:ca4e79294fd0f3f9e0e5a4c309df84b5f2abc62349bfaf2aaf8965e5108ef8e2",
                "sha256:ce2dc5a104e885abbd48d0cc92ae74afa1d685ee65d6e3497067207d6a26e177",
                "sha256:d295cac30d3e13e82473081ea7df2a11352b5625cb54187fcd5a8be5d9ebf315",
                "sha256:d498338b39c4757ba88bdc705b3a0647d18554856cd2d394ac3bb919ac890c9d",
                "sha256:d537f8e613074805e17039e345edaa822534f66f07d315c89cff9824aa996d65",
                "sha256:df8ba3f52ef59a553b0e94593ea526c34faa4f531c1ab7f5ca7f392bc770c9e3",
                "sha256:e2553800d2d461a2dc329682d0a9068f238ec11d763e5454c61c4df7a0346ed2",
                "sha256:e2afbe403090f5893e254958d02875e0732975e73c4c0cdd33c1f009a61963ca",
                "sha256:e740efa625883f3c4de20c7e1411228d7ce2ab47b9e874a703f6681ec0558a30",
                "sha256:ec7864b62da0f5ae44973351247f2250a25b9b544fc6aff8bd6a75da1156cc70",
                "sha256:f26ddab491b10279b7e8e3fdcbaaaba3ab282fbaecfa48a19874dfc4d53b9d4f",
                "sha256:f6a16681f30918521066ddcc4ba79c1e033c9837dd94f78f5a9f6110e7572185",
                "sha256:f968623ac9b81a6253d4bbbe3f4d1e6be5f33707f397b566935783511bfa281a"
            ],
            "version": "==4.2.4"
        },
        "mako": {
            "hashes": [
                "sha256:4e02fde57bd4abb5ec400181e4c314f56ac3e49ba4fb8b0d50bba18cb27d25ae"
            ],
            "version": "==1.0.7"
        },
        "markupsafe": {
            "hashes": [
                "sha256:a6be69091dac236ea9c6bc7d012beab42010fa914c459791d627dad4910eb665"
            ],
            "version": "==1.0"
        },
        "multipledispatch": {
            "hashes": [
                "sha256:407e6d8c5fa27075968ba07c4db3ef5f02bea4e871e959570eeb69ee39a6565b",
                "sha256:a55c512128fb3f7c2efd2533f2550accb93c35f1045242ef74645fc92a2c3cba",
                "sha256:a7ab1451fd0bf9b92cab3edbd7b205622fb767aeefb4fb536c2e3de9e0a38bea"
            ],
            "version": "==0.6.0"
        },
        "networkx": {
            "hashes": [
                "sha256:0d0e70e10dfb47601cbb3425a00e03e2a2e97477be6f80638fef91d54dd1e4b8",
                "sha256:1b229b54fe9ccb009cee4de02a88552191497a542a7d5d34adab216b9f15c1ff",
                "sha256:b3e0144d5fe6b7479b694e1b598a5545a38f3fc6f1e3c09173eb30f0c7a5770e"
            ],
            "version": "==1.11"
        },
        "numexpr": {
            "hashes": [
                "sha256:0a14dff7e893dd21f299993a6107437c2c7dd37a8aeb51933a8c0ff33ed1e036",
                "sha256:11f215d739495f3c88c9cdd84f0b7ee27b5c1d4348df9b16854933d8165a1f7b",
                "sha256:1374c5a996d1e48c64b26fad48fe2540c41f10436fbbe35cca61f35c57bcaeab",
                "sha256:21a9ea646a76b8fe98ac1e1fcd914c03addd3e4aa7feb040bc462b274a47b2cf",
                "sha256:21c05fb3ee1be0ff3be0d6ef572bf0e5dad27bf5d90c067e1580127340e36e2d",
                "sha256:2a05c3c6342b0c1416cb3e8eecaee5ce9387917781afc1a5d5c5f93f546b3735",
                "sha256:34e4381246893ac27c21c39356ef27ab7176d326f5a86b05486718f1f505f794",
                "sha256:3d1f2123d385e3790fc9f650950a79aaaa9ac62f8455bd9451263d29f37924f2",
                "sha256:4ddec358f5082ea941bb316a6aa1fec068dea6f7ed1f60a1089b03340c1f58af",
                "sha256:53f50dbbd1d41c7ae33bf6811f0a4a6a333ae592baf218e257c9e32190235cba",
                "sha256:58349f46670aa4d1cef14f9c794dda307bf8578d383c7e602fe36de112f6afa0",
                "sha256:5fc41e3652c7154ee5767a99b3fd72d81c3b01df364c42ccd2e89926c8fbbda5",
                "sha256:618e4058e6a707007aebbf74c37d8156ac0c26870dd6b8495678ba3fd9aaef79",
                "sha256:7419c43f1b22d3cd282480d753242588b2a0f449c6429f0999a2eebe0e5d7426",
                "sha256:7bde656a67ce5368cf1d748c569d0132baf9813c45860b872f3a35294067c1e4",
                "sha256:90cc7b1e051a57386d9b3125506a1a2f320964e017a9a5ce78a055b99e826ceb",
                "sha256:9415b24d6f79528ef85be3afe7871e0f49ae2bbe28cc9cb0272db4edd136e443",
                "sha256:9e292c060172f415888fb36f50fd2d4688797f66ec11eb9fbc33666cacbd5f68",
                "sha256:ae5dae4d34fc57c47167a7c79603f9592da504fc077833afc259451bc29cec4c",
                "sha256:bf62d6fa0453cec848c91179857a46e84f0812881d9bdfa29cda0672e599c9a5",
                "sha256:d304f4bfe69ca3e81a992a90c2a0e53c7fbc82769eedff32db8204496e223bbc",
                "sha256:e5456df5fabcd02f08aa06f0f61eee682649bd5e033ac7319f91a9f9c1d4d1c3",
                "sha256:e83bd5e6e424cf0a6e7d9de97d4ecd2d978eed478104f4c65496b8ea7d148268",
                "sha256:ed2c841e3ced875c34abc89987f5203fce53e563341e4f4b2ac615b419412f37",
                "sha256:edc4af30bbe504946d036ad9f2c849ff2c8a837d8df2c7f9f0b7d8497e982743",
                "sha256:ee8bc7201aa2f1962c67d27c326a11eef9df887d7b87b1278a1d4e722bf44375"
            ],
            "markers": "python_version != '3.3.*' and python_version >= '2.7' and python_version != '3.2.*' and python_version != '3.0.*' and python_version != '3.1.*'",
            "version": "==2.6.8"
        },
        "numpy": {
            "hashes": [
                "sha256:07379fe0b450f6fd6e5934a9bc015025bb4ce1c8fbed3ca8bef29328b1bc9570",
                "sha256:085afac75bbc97a096744fcfc97a4b321c5a87220286811e85089ae04885acdd",
                "sha256:2d6481c6bdab1c75affc0fc71eb1bd4b3ecef620d06f2f60c3f00521d54be04f",
                "sha256:2df854df882d322d5c23087a4959e145b953dfff2abe1774fec4f639ac2f3160",
                "sha256:381ad13c30cd1d0b2f3da8a0c1a4aa697487e8bb0e9e0cbeb7439776bcb645f8",
                "sha256:385f1ce46e08676505b692bfde918c1e0b350963a15ef52d77691c2cf0f5dbf6",
                "sha256:4130e5ae16c656b7de654dc5e595cfeb85d3a4b0bb0734d19c0dce6dc7ee0e07",
                "sha256:4d278c2261be6423c5e63d8f0ceb1b0c6db3ff83f2906f4b860db6ae99ca1bb5",
                "sha256:51c5dcb51cf88b34b7d04c15f600b07c6ccbb73a089a38af2ab83c02862318da",
                "sha256:589336ba5199c8061239cf446ee2f2f1fcc0c68e8531ee1382b6fc0c66b2d388",
                "sha256:5ae3564cb630e155a650f4f9c054589848e97836bebae5637240a0d8099f817b",
                "sha256:5edf1acc827ed139086af95ce4449b7b664f57a8c29eb755411a634be280d9f2",
                "sha256:6b82b81c6b3b70ed40bc6d0b71222ebfcd6b6c04a6e7945a936e514b9113d5a3",
                "sha256:6c57f973218b776195d0356e556ec932698f3a563e2f640cfca7020086383f50",
                "sha256:758d1091a501fd2d75034e55e7e98bfd1370dc089160845c242db1c760d944d9",
                "sha256:8622db292b766719810e0cb0f62ef6141e15fe32b04e4eb2959888319e59336b",
                "sha256:8b8dcfcd630f1981f0f1e3846fae883376762a0c1b472baa35b145b911683b7b",
                "sha256:91fdd510743ae4df862dbd51a4354519dd9fb8941347526cd9c2194b792b3da9",
                "sha256:97fa8f1dceffab782069b291e38c4c2227f255cdac5f1e3346666931df87373e",
                "sha256:9b705f18b26fb551366ab6347ba9941b62272bf71c6bbcadcd8af94d10535241",
                "sha256:9d69967673ab7b028c2df09cae05ba56bf4e39e3cb04ebe452b6035c3b49848e",
                "sha256:9e1f53afae865cc32459ad211493cf9e2a3651a7295b7a38654ef3d123808996",
                "sha256:a4a433b3a264dbc9aa9c7c241e87c0358a503ea6394f8737df1683c7c9a102ac",
                "sha256:baadc5f770917ada556afb7651a68176559f4dca5f4b2d0947cd15b9fb84fb51",
                "sha256:c725d11990a9243e6ceffe0ab25a07c46c1cc2c5dc55e305717b5afe856c9608",
                "sha256:d696a8c87315a83983fc59dd27efe034292b9e8ad667aeae51a68b4be14690d9",
                "sha256:e1864a4e9f93ddb2dc6b62ccc2ec1f8250ff4ac0d3d7a15c8985dd4e1fbd6418",
                "sha256:e1d18421a7e2ad4a655b76e65d549d4159f8874c18a417464c1d439ee7ccc7cd"
            ],
            "markers": "python_version != '3.3.*' and python_version >= '2.7' and python_version != '3.2.*' and python_version != '3.0.*' and python_version != '3.1.*'",
            "version": "==1.14.5"
        },
        "pandas": {
            "hashes": [
                "sha256:02541a4fdd31315f213a5c8e18708abad719ee03eda05f603c4fe973e9b9d770",
                "sha256:052a66f58783a59ea38fdfee25de083b107baa81fdbe38fabd169d0f9efce2bf",
                "sha256:06efae5c00b9f4c6e6d3fe1eb52e590ff0ea8e5cb58032c724e04d31c540de53",
                "sha256:12f2a19d0b0adf31170d98d0e8bcbc59add0965a9b0c65d39e0665400491c0c5",
                "sha256:244ae0b9e998cfa88452a49b20e29bf582cc7c0e69093876d505aec4f8e1c7fe",
                "sha256:2907f3fe91ca2119ac3c38de6891bbbc83333bfe0d98309768fee28de563ee7a",
                "sha256:44a94091dd71f05922eec661638ec1a35f26d573c119aa2fad964f10a2880e6c",
                "sha256:587a9816cc663c958fcff7907c553b73fe196604f990bc98e1b71ebf07e45b44",
                "sha256:66403162c8b45325a995493bdd78ad4d8be085e527d721dbfa773d56fbba9c88",
                "sha256:68ac484e857dcbbd07ea7c6f516cc67f7f143f5313d9bc661470e7f473528882",
                "sha256:68b121d13177f5128a4c118bb4f73ba40df28292c038389961aa55ea5a996427",
                "sha256:97c8223d42d43d86ca359a57b4702ca0529c6553e83d736e93a5699951f0f8db",
                "sha256:af0dbac881f6f87acd325415adea0ce8cccf28f5d4ad7a54b6a1e176e2f7bf70",
                "sha256:c2cd884794924687edbaad40d18ac984054d247bb877890932c4d41e3c3aba31",
                "sha256:c372db80a5bcb143c9cb254d50f902772c3b093a4f965275197ec2d2184b1e61"
            ],
            "index": "pypi",
            "version": "==0.22.0"
        },
        "pandas-datareader": {
            "hashes": [
                "sha256:14f4c64b34100d60753fcf04b4681322da4625d48e90efcd862a93aeacbc3118",
                "sha256:47681336a3f6e6953b024bd73f8bb005f36e8df831ccce336e9fc601c587e3db"
            ],
            "version": "==0.6.0"
        },
        "patsy": {
            "hashes": [
                "sha256:14269536ecedaae0a5a2f300faac7d0afa1cc47aa98c561f54ba7300d0ec4011",
                "sha256:e05f38d5c38c8d216f0cc2b765b1069b433c92d628b954fb2fee68d13e42883b"
            ],
            "markers": "python_version != '3.3.*' and python_version >= '2.7' and python_version != '3.2.*' and python_version != '3.0.*' and python_version != '3.1.*'",
            "version": "==0.5.0"
        },
        "pipeline-live": {
            "hashes": [
                "sha256:3c4d75798e8e3e7dc2b94a9b9bd881ffbcd9d7e42dc4520e62c71a08590f5700",
                "sha256:6c2798c40cd379c4854a3f57a1af9599e3eb6f4cf4723caec8449d76c7bf98fe"
            ],
            "index": "pypi",
            "version": "==0.1.4"
        },
        "pylivetrader": {
            "hashes": [
                "sha256:3f3a48870eff8aae5fb05b44d592235883ba42b8d5eb4a7ea9d0f3a4d5ad3151",
                "sha256:a2294a5341dc7eaa1067c6c0b6a8b527ef248d9e5025d02a35446cadcf4ad83d"
            ],
            "index": "pypi",
            "version": "==0.0.5"
        },
        "python-dateutil": {
            "hashes": [
                "sha256:1adb80e7a782c12e52ef9a8182bebeb73f1d7e24e374397af06fb4956c8dc5c0",
                "sha256:e27001de32f627c22380a688bcc43ce83504a7bc5da472209b4c70f02829f0b8"
            ],
            "version": "==2.7.3"
        },
        "python-editor": {
            "hashes": [
                "sha256:a3c066acee22a1c94f63938341d4fb374e3fdd69366ed6603d7b24bed1efc565"
            ],
            "version": "==1.0.3"
        },
        "pytz": {
            "hashes": [
                "sha256:a061aa0a9e06881eb8b3b2b43f05b9439d6583c206d0a6c340ff72a7b6669053",
                "sha256:ffb9ef1de172603304d9d2819af6f5ece76f2e85ec10692a524dd876e72bf277"
            ],
            "version": "==2018.5"
        },
        "pyyaml": {
            "hashes": [
                "sha256:3d7da3009c0f3e783b2c873687652d83b1bbfd5c88e9813fb7e5b03c0dd3108b",
                "sha256:3ef3092145e9b70e3ddd2c7ad59bdd0252a94dfe3949721633e41344de00a6bf",
                "sha256:40c71b8e076d0550b2e6380bada1f1cd1017b882f7e16f09a65be98e017f211a",
                "sha256:558dd60b890ba8fd982e05941927a3911dc409a63dcb8b634feaa0cda69330d3",
                "sha256:a7c28b45d9f99102fa092bb213aa12e0aaf9a6a1f5e395d36166639c1f96c3a1",
                "sha256:aa7dd4a6a427aed7df6fb7f08a580d68d9b118d90310374716ae90b710280af1",
                "sha256:bc558586e6045763782014934bfaf39d48b8ae85a2713117d16c39864085c613",
                "sha256:d46d7982b62e0729ad0175a9bc7e10a566fc07b224d2c79fafb5e032727eaa04",
                "sha256:d5eef459e30b09f5a098b9cea68bebfeb268697f78d647bd255a085371ac7f3f",
                "sha256:e01d3203230e1786cd91ccfdc8f8454c8069c91bee3962ad93b87a4b2860f537",
                "sha256:e170a9e6fcfd19021dd29845af83bb79236068bf5fd4df3327c1be18182b2531"
            ],
            "version": "==3.13"
        },
        "requests": {
            "hashes": [
                "sha256:63b52e3c866428a224f97cab011de738c36aec0185aa91cfacd418b5d58911d1",
                "sha256:ec22d826a36ed72a7358ff3fe56cbd4ba69dd7a6718ffd450ff0e9df7a47ce6a"
            ],
            "version": "==2.19.1"
        },
        "requests-file": {
            "hashes": [
                "sha256:75c175eed739270aec3c5279ffd74e6527dada275c5c0d76b5817e9c86bb7dea",
                "sha256:8f04aa6201bacda0567e7ac7f677f1499b0fc76b22140c54bc06edf1ba92e2fa"
            ],
            "version": "==1.4.3"
        },
        "requests-ftp": {
            "hashes": [
                "sha256:7504ceb5cba8a5c0135ed738596820a78c5f2be92d79b29f96ba99b183d8057a"
            ],
            "version": "==0.3.1"
        },
        "scipy": {
            "hashes": [
                "sha256:0611ee97296265af4a21164a5323f8c1b4e8e15c582d3dfa7610825900136bb7",
                "sha256:08237eda23fd8e4e54838258b124f1cd141379a5f281b0a234ca99b38918c07a",
                "sha256:0e645dbfc03f279e1946cf07c9c754c2a1859cb4a41c5f70b25f6b3a586b6dbd",
                "sha256:0e9bb7efe5f051ea7212555b290e784b82f21ffd0f655405ac4f87e288b730b3",
                "sha256:108c16640849e5827e7d51023efb3bd79244098c3f21e4897a1007720cb7ce37",
                "sha256:340ef70f5b0f4e2b4b43c8c8061165911bc6b2ad16f8de85d9774545e2c47463",
                "sha256:3ad73dfc6f82e494195144bd3a129c7241e761179b7cb5c07b9a0ede99c686f3",
                "sha256:3b243c77a822cd034dad53058d7c2abf80062aa6f4a32e9799c95d6391558631",
                "sha256:404a00314e85eca9d46b80929571b938e97a143b4f2ddc2b2b3c91a4c4ead9c5",
                "sha256:423b3ff76957d29d1cce1bc0d62ebaf9a3fdfaf62344e3fdec14619bb7b5ad3a",
                "sha256:42d9149a2fff7affdd352d157fa5717033767857c11bd55aa4a519a44343dfef",
                "sha256:625f25a6b7d795e8830cb70439453c9f163e6870e710ec99eba5722775b318f3",
                "sha256:698c6409da58686f2df3d6f815491fd5b4c2de6817a45379517c92366eea208f",
                "sha256:729f8f8363d32cebcb946de278324ab43d28096f36593be6281ca1ee86ce6559",
                "sha256:8190770146a4c8ed5d330d5b5ad1c76251c63349d25c96b3094875b930c44692",
                "sha256:878352408424dffaa695ffedf2f9f92844e116686923ed9aa8626fc30d32cfd1",
                "sha256:8b984f0821577d889f3c7ca8445564175fb4ac7c7f9659b7c60bef95b2b70e76",
                "sha256:8f841bbc21d3dad2111a94c490fb0a591b8612ffea86b8e5571746ae76a3deac",
                "sha256:c22b27371b3866c92796e5d7907e914f0e58a36d3222c5d436ddd3f0e354227a",
                "sha256:d0cdd5658b49a722783b8b4f61a6f1f9c75042d0e29a30ccb6cacc9b25f6d9e2",
                "sha256:d40dc7f494b06dcee0d303e51a00451b2da6119acbeaccf8369f2d29e28917ac",
                "sha256:d8491d4784aceb1f100ddb8e31239c54e4afab8d607928a9f7ef2469ec35ae01",
                "sha256:dfc5080c38dde3f43d8fbb9c0539a7839683475226cf83e4b24363b227dfe552",
                "sha256:e24e22c8d98d3c704bb3410bce9b69e122a8de487ad3dbfe9985d154e5c03a40",
                "sha256:e7a01e53163818d56eabddcafdc2090e9daba178aad05516b20c6591c4811020",
                "sha256:ee677635393414930541a096fc8e61634304bb0153e4e02b75685b11eba14cae",
                "sha256:f0521af1b722265d824d6ad055acfe9bd3341765735c44b5a4d0069e189a0f40",
                "sha256:f25c281f12c0da726c6ed00535ca5d1622ec755c30a3f8eafef26cf43fede694"
            ],
            "markers": "python_version != '3.3.*' and python_version >= '2.7' and python_version != '3.2.*' and python_version != '3.0.*' and python_version != '3.1.*'",
            "version": "==1.1.0"
        },
        "six": {
            "hashes": [
                "sha256:70e8a77beed4562e7f14fe23a786b54f6296e34344c23bc42f07b15018ff98e9",
                "sha256:832dc0e10feb1aa2c68dcc57dbb658f1c7e65b9b61af69048abc87a2db00a0eb"
            ],
            "version": "==1.11.0"
        },
        "sortedcontainers": {
            "hashes": [
                "sha256:220bb2e3e1886297fd7cdd6d164cb5cf237be1cfae1a3a3e526d149c52816682",
                "sha256:b74f2756fb5e23512572cc76f0fe0832fd86310f77dfee54335a35fb33f6b950"
            ],
            "version": "==2.0.5"
        },
        "sqlalchemy": {
            "hashes": [
                "sha256:ef6569ad403520ee13e180e1bfd6ed71a0254192a934ec1dbd3dbf48f4aa9524"
            ],
            "version": "==1.2.11"
        },
        "statsmodels": {
            "hashes": [
                "sha256:0fd6af8db18b776c81c8fba54de20e9ec2f11b9310871b6b666d8805e3cf5ece",
                "sha256:18844bbd95fcf62885d195571334762533ae16de182e1032ccc1595a98ffffb4",
                "sha256:27e87cc6cd390fce8f44df225dadf589e1df6272f36b267ccdece2a9c4f52938",
                "sha256:2902f5eef49fc38c112ffd8168dd76f7ae27f6cb5aa735cf55bc887b49aaec6e",
                "sha256:31c2e26436a992e66355c0b3ef4b7c9714a0aa8375952d24f0593ac7c417b1e9",
                "sha256:5d91ad30b8e20a45f583077ffeb4352be01955033f3dcd09bc06c30be1d29e8f",
                "sha256:5de3d525b9a8679cd6c0f7f7c8cb8508275ab86cc3c1a140b2dc6b6390adb943",
                "sha256:6461f93a842c649922c2c9a9bc9d9c4834110b89de8c4af196a791ab8f42ba3b",
                "sha256:78d1b40c18d41f6c683c1c184be146264a782d409a89d8ed6c78acd1e1c11659",
                "sha256:7c1a7cf557139f4bcbf97172268a8001156e42a7eeccca04d15c0cb7c3491ada",
                "sha256:8532885c5778f94dae7ad83c4ac3f6916d4c8eb294f47ecefe2f0d3b967e6a16",
                "sha256:95d35b33a301ded560662c733780ce58b37e218d122bb1b9c14e216aa9d42a2a",
                "sha256:b48e283ba171698dca3989c0c03e6f25d3f431640383d926235d26ce48f3891c",
                "sha256:b4b4b25c0e4228b1d33098894c3b29f4546e45afb29b333582cbaa5e16f38f3c",
                "sha256:c06fd4af98f4c7ab61c9a79fd051ad4d7247991a691c3b4883c611029bac30a2",
                "sha256:d2003c70c854f35a6446a465c61c994486039feb2fd47345a1e9984e95d55878",
                "sha256:d7182803cdb09f1f17a335c0eae71d84905da9b0bc35c3d2c2379745f33096d9",
                "sha256:d9b85bd98e90a02f2192084a85c857465e40e508629ac922242dba70731d0449",
                "sha256:e2d9fd696e2d1523386d0f64f115352acbfaf59d5ca4c681c23ea064393a2ac4",
                "sha256:ede078fdc9af857ed454d1e9e51831b2d577255c794d4044ecc332d40f3e3b36",
                "sha256:f512afa7bc10b848aaacab5dfff6f61255142dd3a5581f82980c12745b0b6cd3",
                "sha256:fbf789cc6d3fadca4350fa87e5f710ad2628e1fdff71bf8f853ecd49599ebe23"
            ],
            "markers": "python_version >= '2.7' and python_version != '3.0.*' and python_version != '3.1.*' and python_version != '3.2.*'",
            "version": "==0.9.0"
        },
        "tables": {
            "hashes": [
                "sha256:07bb9e96b762874e239ad8cec2cab2c4129abf576fffcdd4e961482dc7d5a0a6",
                "sha256:09eed21e12a1286ac2e8c5e67a75d9c7a7f262883535a31ac0b985540135d8d6",
                "sha256:0bd7e5d7ff90df3751bfb2494d41858b96118965edd8cc03758bbc638e2e2f2c",
                "sha256:2379bc98dd8caa6f5824daae4b3b1e53008af32c7b684c67deaeebc1a89a929e",
                "sha256:2cd49a98e750fe78b7a2b8e0efd69be608c8358f664f3705c98cc6f04da18a53",
                "sha256:415731ae46dfdef7fbe305399a700a54b06a82c4331ba20cc64004fb40e79069",
                "sha256:44289caf89efac435f49fa4bd298eb48969c026dec25d3a76e7955f1281d1bdf",
                "sha256:714f7162ffa4d470da8c9a067935520e5925384445bdb23989351b48d236345c",
                "sha256:82d98123cf67c012d6c7cb69c6733b51eb10d17fc40547bbb71ffedae8da4f90",
                "sha256:b625fc71f082011806a60d3b7370f75e34b141dab549ed65957aed54d1f12f63",
                "sha256:bc1621bd84769ff3f84cfd1481f93ed0c537db4b3355576270bdbb79bb390b1f",
                "sha256:bdc5c073712af2a43babd139c4855fc99496bb2c3f3f5d1b4770a985e6f9ce29",
                "sha256:bed4f423dd33600907f1c3b88f994920f2b879b12bf83d4372f861ef4085e085",
                "sha256:c3ac22e3391f67a381d9a3018fd7e0a1ccfcc88b5f61b0d051fe5eba8196388f",
                "sha256:da98c8abfeefefad40110b994d5d06ac28d89b00d085530d377376b201566ebf",
                "sha256:e2e4e40d010a6aa0464e5e281d4aa15f64acd99fd881c0e1e4c1c567b7167dba",
                "sha256:e3bd7084dbf80ef347ad5d33645584e0fe7f8353cf2c33d8922a4c00034fa015",
                "sha256:e8f9b20b9623c900e7007b89a9d3e315280b666ac70b38b0c191345f7d4d8585",
                "sha256:f786d310cf954eaf52340680dfbc5c1190afc276093f5c454fab605a11488306",
                "sha256:f97c8b5ebec23894fc56af25c6e73bc86b463cbccb1f9b9887def24cd7811e2c"
            ],
            "version": "==3.4.4"
        },
        "toolz": {
            "hashes": [
                "sha256:929f0a7ea7f61c178bd951bdae93920515d3fbdbafc8e6caf82d752b9b3b31c9"
            ],
            "version": "==0.9.0"
        },
        "trading-calendars": {
            "hashes": [
                "sha256:557e369495e13e94e6fa0aba0fcdf3903dfe7017f90f6dca1542363fcd50cf50",
                "sha256:a69e83dd988515046d49f7309e0ec2b5201521d5679ad1492c22704fbb337416"
            ],
            "version": "==1.1.0"
        },
        "urllib3": {
            "hashes": [
                "sha256:a68ac5e15e76e7e5dd2b8f94007233e01effe3e50e8daddf69acfd81cb686baf",
                "sha256:b5725a0bd4ba422ab0e66e89e030c806576753ea3ee08554382c14e685d117b5"
            ],
            "markers": "python_version != '3.3.*' and python_version < '4' and python_version >= '2.6' and python_version != '3.2.*' and python_version != '3.0.*' and python_version != '3.1.*'",
            "version": "==1.23"
        },
        "websocket-client": {
            "hashes": [
                "sha256:c42b71b68f9ef151433d6dcc6a7cb98ac72d2ad1e3a74981ca22bc5d9134f166",
                "sha256:f5889b1d0a994258cfcbc8f2dc3e457f6fc7b32a8d74873033d12e4eab4bdf63"
            ],
            "version": "==0.53.0"
        },
        "websockets": {
            "hashes": [
                "sha256:0e2f7d6567838369af074f0ef4d0b802d19fa1fee135d864acc656ceefa33136",
                "sha256:2a16dac282b2fdae75178d0ed3d5b9bc3258dabfae50196cbb30578d84b6f6a6",
                "sha256:5a1fa6072405648cb5b3688e9ed3b94be683ce4a4e5723e6f5d34859dee495c1",
                "sha256:5c1f55a1274df9d6a37553fef8cff2958515438c58920897675c9bc70f5a0538",
                "sha256:669d1e46f165e0ad152ed8197f7edead22854a6c90419f544e0f234cc9dac6c4",
                "sha256:695e34c4dbea18d09ab2c258994a8bf6a09564e762655408241f6a14592d2908",
                "sha256:6b2e03d69afa8d20253455e67b64de1a82ff8612db105113cccec35d3f8429f0",
                "sha256:79ca7cdda7ad4e3663ea3c43bfa8637fc5d5604c7737f19a8964781abbd1148d",
                "sha256:7fd2dd9a856f72e6ed06f82facfce01d119b88457cd4b47b7ae501e8e11eba9c",
                "sha256:82c0354ac39379d836719a77ee360ef865377aa6fdead87909d50248d0f05f4d",
                "sha256:8f3b956d11c5b301206382726210dc1d3bee1a9ccf7aadf895aaf31f71c3716c",
                "sha256:91ec98640220ae05b34b79ee88abf27f97ef7c61cf525eec57ea8fcea9f7dddb",
                "sha256:952be9540d83dba815569d5cb5f31708801e0bbfc3a8c5aef1890b57ed7e58bf",
                "sha256:99ac266af38ba1b1fe13975aea01ac0e14bb5f3a3200d2c69f05385768b8568e",
                "sha256:9fa122e7adb24232247f8a89f2d9070bf64b7869daf93ac5e19546b409e47e96",
                "sha256:a0873eadc4b8ca93e2e848d490809e0123eea154aa44ecd0109c4d0171869584",
                "sha256:cb998bd4d93af46b8b49ecf5a72c0a98e5cc6d57fdca6527ba78ad89d6606484",
                "sha256:e02e57346f6a68523e3c43bbdf35dde5c440318d1f827208ae455f6a2ace446d",
                "sha256:e79a5a896bcee7fff24a788d72e5c69f13e61369d055f28113e71945a7eb1559",
                "sha256:ee55eb6bcf23ecc975e6b47c127c201b913598f38b6a300075f84eeef2d3baff",
                "sha256:f1414e6cbcea8d22843e7eafdfdfae3dd1aba41d1945f6ca66e4806c07c4f454"
            ],
            "markers": "python_version >= '3.4'",
            "version": "==6.0"
        },
        "wrapt": {
            "hashes": [
                "sha256:d4d560d479f2c21e1b5443bbd15fe7ec4b37fe7e53d335d3b9b0a7b1226fe3c6"
            ],
            "version": "==1.10.11"
        },
        "zipline": {
            "hashes": [
                "sha256:19b6607845d8d9dfa51c5679c65a143a04172f76fff70a58f9a835a69a25fbf9"
            ],
            "version": "==1.3.0"
        }
    },
    "develop": {
        "atomicwrites": {
            "hashes": [
                "sha256:0312ad34fcad8fac3704d441f7b317e50af620823353ec657a53e981f92920c0",
                "sha256:ec9ae8adaae229e4f8446952d204a3e4b5fdd2d099f9be3aaf556120135fb3ee"
            ],
            "markers": "python_version != '3.0.*' and python_version != '3.3.*' and python_version != '3.1.*' and python_version != '3.2.*' and python_version >= '2.7'",
            "version": "==1.2.1"
        },
        "attrs": {
            "hashes": [
                "sha256:10cbf6e27dbce8c30807caf056c8eb50917e0eaafe86347671b57254006c3e69",
                "sha256:ca4be454458f9dec299268d472aaa5a11f67a4ff70093396e1ceae9c76cf4bbb"
            ],
            "version": "==18.2.0"
        },
        "coverage": {
            "hashes": [
                "sha256:03481e81d558d30d230bc12999e3edffe392d244349a90f4ef9b88425fac74ba",
                "sha256:0b136648de27201056c1869a6c0d4e23f464750fd9a9ba9750b8336a244429ed",
                "sha256:10a46017fef60e16694a30627319f38a2b9b52e90182dddb6e37dcdab0f4bf95",
                "sha256:198626739a79b09fa0a2f06e083ffd12eb55449b5f8bfdbeed1df4910b2ca640",
                "sha256:23d341cdd4a0371820eb2b0bd6b88f5003a7438bbedb33688cd33b8eae59affd",
                "sha256:28b2191e7283f4f3568962e373b47ef7f0392993bb6660d079c62bd50fe9d162",
                "sha256:2a5b73210bad5279ddb558d9a2bfedc7f4bf6ad7f3c988641d83c40293deaec1",
                "sha256:2eb564bbf7816a9d68dd3369a510be3327f1c618d2357fa6b1216994c2e3d508",
                "sha256:337ded681dd2ef9ca04ef5d93cfc87e52e09db2594c296b4a0a3662cb1b41249",
                "sha256:3a2184c6d797a125dca8367878d3b9a178b6fdd05fdc2d35d758c3006a1cd694",
                "sha256:3c79a6f7b95751cdebcd9037e4d06f8d5a9b60e4ed0cd231342aa8ad7124882a",
                "sha256:3d72c20bd105022d29b14a7d628462ebdc61de2f303322c0212a054352f3b287",
                "sha256:3eb42bf89a6be7deb64116dd1cc4b08171734d721e7a7e57ad64cc4ef29ed2f1",
                "sha256:4635a184d0bbe537aa185a34193898eee409332a8ccb27eea36f262566585000",
                "sha256:56e448f051a201c5ebbaa86a5efd0ca90d327204d8b059ab25ad0f35fbfd79f1",
                "sha256:5a13ea7911ff5e1796b6d5e4fbbf6952381a611209b736d48e675c2756f3f74e",
                "sha256:69bf008a06b76619d3c3f3b1983f5145c75a305a0fea513aca094cae5c40a8f5",
                "sha256:6bc583dc18d5979dc0f6cec26a8603129de0304d5ae1f17e57a12834e7235062",
                "sha256:701cd6093d63e6b8ad7009d8a92425428bc4d6e7ab8d75efbb665c806c1d79ba",
                "sha256:7608a3dd5d73cb06c531b8925e0ef8d3de31fed2544a7de6c63960a1e73ea4bc",
                "sha256:76ecd006d1d8f739430ec50cc872889af1f9c1b6b8f48e29941814b09b0fd3cc",
                "sha256:7aa36d2b844a3e4a4b356708d79fd2c260281a7390d678a10b91ca595ddc9e99",
                "sha256:7d3f553904b0c5c016d1dad058a7554c7ac4c91a789fca496e7d8347ad040653",
                "sha256:7e1fe19bd6dce69d9fd159d8e4a80a8f52101380d5d3a4d374b6d3eae0e5de9c",
                "sha256:8c3cb8c35ec4d9506979b4cf90ee9918bc2e49f84189d9bf5c36c0c1119c6558",
                "sha256:9d6dd10d49e01571bf6e147d3b505141ffc093a06756c60b053a859cb2128b1f",
                "sha256:be6cfcd8053d13f5f5eeb284aa8a814220c3da1b0078fa859011c7fffd86dab9",
                "sha256:c1bb572fab8208c400adaf06a8133ac0712179a334c09224fb11393e920abcdd",
                "sha256:de4418dadaa1c01d497e539210cb6baa015965526ff5afc078c57ca69160108d",
                "sha256:e05cb4d9aad6233d67e0541caa7e511fa4047ed7750ec2510d466e806e0255d6",
                "sha256:f3f501f345f24383c0000395b26b726e46758b71393267aeae0bd36f8b3ade80"
            ],
            "markers": "python_version != '3.0.*' and python_version < '4' and python_version != '3.1.*' and python_version != '3.2.*' and python_version >= '2.6'",
            "version": "==4.5.1"
        },
        "more-itertools": {
            "hashes": [
                "sha256:c187a73da93e7a8acc0001572aebc7e3c69daf7bf6881a2cea10650bd4420092",
                "sha256:c476b5d3a34e12d40130bc2f935028b5f636df8f372dc2c1c01dc19681b2039e",
                "sha256:fcbfeaea0be121980e15bc97b3817b5202ca73d0eae185b4550cbfce2a3ebb3d"
            ],
            "version": "==4.3.0"
        },
        "pluggy": {
            "hashes": [
                "sha256:6e3836e39f4d36ae72840833db137f7b7d35105079aee6ec4a62d9f80d594dd1",
                "sha256:95eb8364a4708392bae89035f45341871286a333f749c3141c20573d2b3876e1"
            ],
            "markers": "python_version != '3.0.*' and python_version != '3.3.*' and python_version != '3.1.*' and python_version != '3.2.*' and python_version >= '2.7'",
            "version": "==0.7.1"
        },
        "py": {
            "hashes": [
                "sha256:06a30435d058473046be836d3fc4f27167fd84c45b99704f2fb5509ef61f9af1",
                "sha256:50402e9d1c9005d759426988a492e0edaadb7f4e68bcddfea586bc7432d009c6"
            ],
            "markers": "python_version != '3.0.*' and python_version != '3.3.*' and python_version != '3.1.*' and python_version != '3.2.*' and python_version >= '2.7'",
            "version": "==1.6.0"
        },
        "pytest": {
            "hashes": [
                "sha256:453cbbbe5ce6db38717d282b758b917de84802af4288910c12442984bde7b823",
                "sha256:a8a07f84e680482eb51e244370aaf2caa6301ef265f37c2bdefb3dd3b663f99d"
            ],
            "index": "pypi",
            "version": "==3.8.0"
        },
        "pytest-cov": {
            "hashes": [
                "sha256:513c425e931a0344944f84ea47f3956be0e416d95acbd897a44970c8d926d5d7",
                "sha256:e360f048b7dae3f2f2a9a4d067b2dd6b6a015d384d1577c994a43f3f7cbad762"
            ],
            "index": "pypi",
            "version": "==2.6.0"
        },
        "six": {
            "hashes": [
                "sha256:70e8a77beed4562e7f14fe23a786b54f6296e34344c23bc42f07b15018ff98e9",
                "sha256:832dc0e10feb1aa2c68dcc57dbb658f1c7e65b9b61af69048abc87a2db00a0eb"
            ],
            "version": "==1.11.0"
        }
    }
}
