{
    "_meta": {
        "hash": {
            "sha256": "44d2082cfda57579949d645128006cabd4bd15119675c3adf3fac86411faeb73"
        },
        "pipfile-spec": 6,
        "requires": {
            "python_version": "3.6"
        },
        "sources": [
            {
                "name": "pypi",
                "url": "https://pypi.org/simple",
                "verify_ssl": true
            }
        ]
    },
    "default": {
        "alembic": {
            "hashes": [
                "sha256:828dcaa922155a2b7166c4f36ec45268944e4055c86499bd14319b4c8c0094b7"
            ],
            "version": "==1.0.10"
        },
        "alpaca-trade-api": {
            "hashes": [
                "sha256:3156a5760ac463987eff0a96bfd680336ef776e03f6abab60a9837771fa8f118",
                "sha256:7fa464dab8889fb13b3779475a1d0325b9cf9e6203c019a2ff5bbc7ec4b150d4"
            ],
            "index": "pypi",
            "version": "==0.25"
        },
        "astor": {
            "hashes": [
                "sha256:95c30d87a6c2cf89aa628b87398466840f0ad8652f88eb173125a6df8533fb8d",
                "sha256:fb503b9e2fdd05609fbf557b916b4a7824171203701660f0c55bbf5a7a68713e"
            ],
            "version": "==0.7.1"
        },
        "asyncio-nats-client": {
            "hashes": [
                "sha256:12ac47284b20bd0359ee9579972892c8d8a08d23c2bbcf6f637b6f2feff3aa4d"
            ],
            "version": "==0.8.2"
        },
        "backcall": {
            "hashes": [
                "sha256:38ecd85be2c1e78f77fd91700c76e14667dc21e2713b63876c0eb901196e01e4",
                "sha256:bbbf4b1e5cd2bdb08f915895b51081c041bac22394fdfcfdfbe9f14b77c08bf2"
            ],
            "version": "==0.1.0"
        },
        "bcolz": {
            "hashes": [
                "sha256:a8dafa42cd4f3ca130ecb81f7e778204a12c2180c18fd570ef753de58ee7ddbd"
            ],
            "version": "==0.12.1"
        },
        "bottleneck": {
            "hashes": [
                "sha256:6efcde5f830aed64feafca0359b51db0e184c72af8ba6675b4a99f263922eb36"
            ],
            "version": "==1.2.1"
        },
        "certifi": {
            "hashes": [
                "sha256:59b7658e26ca9c7339e00f8f4636cdfe59d34fa37b9b04f6f9e9926b3cece1a5",
                "sha256:b26104d6835d1f5e49452a26eb2ff87fe7090b89dfcaee5ea2212697e1e1d7ae"
            ],
            "version": "==2019.3.9"
        },
        "chardet": {
            "hashes": [
                "sha256:84ab92ed1c4d4f16916e05906b6b75a6c0fb5db821cc65e70cbd64a3e2a5eaae",
                "sha256:fc323ffcaeaed0e0a02bf4d117757b98aed530d9ed4531e3e15460124c106691"
            ],
            "version": "==3.0.4"
        },
        "click": {
            "hashes": [
                "sha256:2335065e6395b9e67ca716de5f7526736bfa6ceead690adf616d925bdc622b13",
                "sha256:5b94b49521f6456670fdb30cd82a4eca9412788a93fa6dd6df72c94d5a8ff2d7"
            ],
            "version": "==7.0"
        },
        "contextlib2": {
            "hashes": [
                "sha256:509f9419ee91cdd00ba34443217d5ca51f5a364a404e1dce9e8979cea969ca48",
                "sha256:f5260a6e679d2ff42ec91ec5252f4eeffdcf21053db9113bd0a8e4d953769c00"
            ],
            "version": "==0.5.5"
        },
        "cyordereddict": {
            "hashes": [
                "sha256:d9b2c31796999770801a9a49403b8cb49510ecb64e5d1e9d4763ed44f2d5a76e"
            ],
            "version": "==1.0.0"
        },
        "cython": {
            "hashes": [
                "sha256:0ce8f6c789c907472c9084a44b625eba76a85d0189513de1497ab102a9d39ef8",
                "sha256:0d67964b747ac09758ba31fe25da2f66f575437df5f121ff481889a7a4485f56",
                "sha256:1630823619a87a814e5c1fa9f96544272ce4f94a037a34093fbec74989342328",
                "sha256:1a4c634bb049c8482b7a4f3121330de1f1c1f66eac3570e1e885b0c392b6a451",
                "sha256:1ec91cc09e9f9a2c3173606232adccc68f3d14be1a15a8c5dc6ab97b47b31528",
                "sha256:237a8fdd8333f7248718875d930d1e963ffa519fefeb0756d01d91cbfadab0bc",
                "sha256:28a308cbfdf9b7bb44def918ad4a26b2d25a0095fa2f123addda33a32f308d00",
                "sha256:2fe3dde34fa125abf29996580d0182c18b8a240d7fa46d10984cc28d27808731",
                "sha256:30bda294346afa78c49a343e26f3ab2ad701e09f6a6373f579593f0cfcb1235a",
                "sha256:33d27ea23e12bf0d420e40c20308c03ef192d312e187c1f72f385edd9bd6d570",
                "sha256:34d24d9370a6089cdd5afe56aa3c4af456e6400f8b4abb030491710ee765bafc",
                "sha256:4e4877c2b96fae90f26ee528a87b9347872472b71c6913715ca15c8fe86a68c9",
                "sha256:50d6f1f26702e5f2a19890c7bc3de00f9b8a0ec131b52edccd56a60d02519649",
                "sha256:55d081162191b7c11c7bfcb7c68e913827dfd5de6ecdbab1b99dab190586c1e8",
                "sha256:59d339c7f99920ff7e1d9d162ea309b35775172e4bab9553f1b968cd43b21d6d",
                "sha256:6cf4d10df9edc040c955fca708bbd65234920e44c30fccd057ecf3128efb31ad",
                "sha256:6ec362539e2a6cf2329cd9820dec64868d8f0babe0d8dc5deff6c87a84d13f68",
                "sha256:7edc61a17c14b6e54d5317b0300d2da23d94a719c466f93cafa3b666b058c43b",
                "sha256:8e37fc4db3f2c4e7e1ed98fe4fe313f1b7202df985de4ee1451d2e331332afae",
                "sha256:b8c996bde5852545507bff45af44328fa48a7b22b5bec2f43083f0b8d1024fd9",
                "sha256:bf9c16f3d46af82f89fdefc0d64b2fb02f899c20da64548a8ea336beefcf8d23",
                "sha256:c1038aba898bed34ab1b5ddb0d3f9c9ae33b0649387ab9ffe6d0af677f66bfc1",
                "sha256:d405649c1bfc42e20d86178257658a859a3217b6e6d950ee8cb76353fcea9c39",
                "sha256:db6eeb20a3bd60e1cdcf6ce9a784bc82aec6ab891c800dc5d7824d5cfbfe77f2",
                "sha256:e382f8cb40dca45c3b439359028a4b60e74e22d391dc2deb360c0b8239d6ddc0",
                "sha256:f3f6c09e2c76f2537d61f907702dd921b04d1c3972f01d5530ef1f748f22bd89",
                "sha256:f749287087f67957c020e1de26906e88b8b0c4ea588facb7349c115a63346f67",
                "sha256:f86b96e014732c0d1ded2c1f51444c80176a98c21856d0da533db4e4aef54070"
            ],
            "version": "==0.29.7"
        },
        "decorator": {
            "hashes": [
                "sha256:86156361c50488b84a3f148056ea716ca587df2f0de1d34750d35c21312725de",
                "sha256:f069f3a01830ca754ba5258fde2278454a0b5b79e0d7f5c13b3b97e57d4acff6"
            ],
            "version": "==4.4.0"
        },
        "empyrical": {
            "hashes": [
                "sha256:21485df5261d0f78f4d1e1baa0a38888726a2054f0ba86997ac1b03853026fef"
            ],
            "version": "==0.5.0"
        },
        "idna": {
            "hashes": [
                "sha256:c357b3f628cf53ae2c4c05627ecc484553142ca23264e593d327bcde5e9c3407",
                "sha256:ea8b7f6188e6fa117537c3df7da9fc686d485087abf6ac197f9c46432f7e4a3c"
            ],
            "version": "==2.8"
        },
        "iexfinance": {
            "hashes": [
                "sha256:e81696eb09440b13f13a86cc9a8c51b2cc7a23b14a940d15933b5e09750a0caf",
                "sha256:ed91710b8fe5e2dccd00b0c766e094838c1094c53b53b5ff230c78a771c2a278"
            ],
            "version": "==0.4.0"
        },
        "intervaltree": {
            "hashes": [
                "sha256:cb4f61c81dcb4fea6c09903f3599015a83c9bdad1f0bbd232495e6681e19e273"
            ],
            "version": "==3.0.2"
        },
        "ipython": {
            "hashes": [
                "sha256:54c5a8aa1eadd269ac210b96923688ccf01ebb2d0f21c18c3c717909583579a8",
                "sha256:e840810029224b56cd0d9e7719dc3b39cf84d577f8ac686547c8ba7a06eeab26"
            ],
            "version": "==7.5.0"
        },
        "ipython-genutils": {
            "hashes": [
                "sha256:72dd37233799e619666c9f639a9da83c34013a73e8bbc79a7a6348d93c61fab8",
                "sha256:eb2e116e75ecef9d4d228fdc66af54269afa26ab4463042e33785b887c628ba8"
            ],
            "version": "==0.2.0"
        },
        "jedi": {
            "hashes": [
                "sha256:2bb0603e3506f708e792c7f4ad8fc2a7a9d9c2d292a358fbbd58da531695595b",
                "sha256:2c6bcd9545c7d6440951b12b44d373479bf18123a401a52025cf98563fbd826c"
            ],
            "version": "==0.13.3"
        },
        "logbook": {
            "hashes": [
                "sha256:a5a96792abd8172c80d61b7530e134524f20e2841981038031e602ed5920fef5"
            ],
            "version": "==1.4.3"
        },
        "lru-dict": {
            "hashes": [
                "sha256:365457660e3d05b76f1aba3e0f7fedbfcd6528e97c5115a351ddd0db488354cc"
            ],
            "version": "==1.1.6"
        },
        "lxml": {
            "hashes": [
                "sha256:03984196d00670b2ab14ae0ea83d5cc0cfa4f5a42558afa9ab5fa745995328f5",
                "sha256:0815b0c9f897468de6a386dc15917a0becf48cc92425613aa8bbfc7f0f82951f",
                "sha256:175f3825f075cf02d15099eb52658457cf0ff103dcf11512b5d2583e1d40f58b",
                "sha256:30e14c62d88d1e01a26936ecd1c6e784d4afc9aa002bba4321c5897937112616",
                "sha256:3210da6f36cf4b835ff1be853962b22cc354d506f493b67a4303c88bbb40d57b",
                "sha256:40f60819fbd5bad6e191ba1329bfafa09ab7f3f174b3d034d413ef5266963294",
                "sha256:43b26a865a61549919f8a42e094dfdb62847113cf776d84bd6b60e4e3fc20ea3",
                "sha256:4a03dd682f8e35a10234904e0b9508d705ff98cf962c5851ed052e9340df3d90",
                "sha256:62f382cddf3d2e52cf266e161aa522d54fd624b8cc567bc18f573d9d50d40e8e",
                "sha256:7b98f0325be8450da70aa4a796c4f06852949fe031878b4aa1d6c417a412f314",
                "sha256:846a0739e595871041385d86d12af4b6999f921359b38affb99cdd6b54219a8f",
                "sha256:a3080470559938a09a5d0ec558c005282e99ac77bf8211fb7b9a5c66390acd8d",
                "sha256:ad841b78a476623955da270ab8d207c3c694aa5eba71f4792f65926dc46c6ee8",
                "sha256:afdd75d9735e44c639ffd6258ce04a2de3b208f148072c02478162d0944d9da3",
                "sha256:b4fbf9b552faff54742bcd0791ab1da5863363fb19047e68f6592be1ac2dab33",
                "sha256:b90c4e32d6ec089d3fa3518436bdf5ce4d902a0787dbd9bb09f37afe8b994317",
                "sha256:b91cfe4438c741aeff662d413fd2808ac901cc6229c838236840d11de4586d63",
                "sha256:bdb0593a42070b0a5f138b79b872289ee73c8e25b3f0bea6564e795b55b6bcdd",
                "sha256:c4e4bca2bb68ce22320297dfa1a7bf070a5b20bcbaec4ee023f83d2f6e76496f",
                "sha256:cec4ab14af9eae8501be3266ff50c3c2aecc017ba1e86c160209bb4f0423df6a",
                "sha256:e83b4b2bf029f5104bc1227dbb7bf5ace6fd8fabaebffcd4f8106fafc69fc45f",
                "sha256:e995b3734a46d41ae60b6097f7c51ba9958648c6d1e0935b7e0ee446ee4abe22",
                "sha256:f679d93dec7f7210575c85379a31322df4c46496f184ef650d3aba1484b38a2d",
                "sha256:fd213bb5166e46974f113c8228daaef1732abc47cb561ce9c4c8eaed4bd3b09b",
                "sha256:fdcb57b906dbc1f80666e6290e794ab8fb959a2e17aa5aee1758a85d1da4533f",
                "sha256:ff424b01d090ffe1947ec7432b07f536912e0300458f9a7f48ea217dd8362b86"
            ],
            "version": "==4.3.3"
        },
        "mako": {
            "hashes": [
                "sha256:0728c404877cd4ca72c409c0ea372dc5f3b53fa1ad2bb434e1d216c0444ff1fd"
            ],
            "version": "==1.0.9"
        },
        "markupsafe": {
            "hashes": [
                "sha256:00bc623926325b26bb9605ae9eae8a215691f33cae5df11ca5424f06f2d1f473",
                "sha256:09027a7803a62ca78792ad89403b1b7a73a01c8cb65909cd876f7fcebd79b161",
                "sha256:09c4b7f37d6c648cb13f9230d847adf22f8171b1ccc4d5682398e77f40309235",
                "sha256:1027c282dad077d0bae18be6794e6b6b8c91d58ed8a8d89a89d59693b9131db5",
                "sha256:24982cc2533820871eba85ba648cd53d8623687ff11cbb805be4ff7b4c971aff",
                "sha256:29872e92839765e546828bb7754a68c418d927cd064fd4708fab9fe9c8bb116b",
                "sha256:43a55c2930bbc139570ac2452adf3d70cdbb3cfe5912c71cdce1c2c6bbd9c5d1",
                "sha256:46c99d2de99945ec5cb54f23c8cd5689f6d7177305ebff350a58ce5f8de1669e",
                "sha256:500d4957e52ddc3351cabf489e79c91c17f6e0899158447047588650b5e69183",
                "sha256:535f6fc4d397c1563d08b88e485c3496cf5784e927af890fb3c3aac7f933ec66",
                "sha256:62fe6c95e3ec8a7fad637b7f3d372c15ec1caa01ab47926cfdf7a75b40e0eac1",
                "sha256:6dd73240d2af64df90aa7c4e7481e23825ea70af4b4922f8ede5b9e35f78a3b1",
                "sha256:717ba8fe3ae9cc0006d7c451f0bb265ee07739daf76355d06366154ee68d221e",
                "sha256:79855e1c5b8da654cf486b830bd42c06e8780cea587384cf6545b7d9ac013a0b",
                "sha256:7c1699dfe0cf8ff607dbdcc1e9b9af1755371f92a68f706051cc8c37d447c905",
                "sha256:88e5fcfb52ee7b911e8bb6d6aa2fd21fbecc674eadd44118a9cc3863f938e735",
                "sha256:8defac2f2ccd6805ebf65f5eeb132adcf2ab57aa11fdf4c0dd5169a004710e7d",
                "sha256:98c7086708b163d425c67c7a91bad6e466bb99d797aa64f965e9d25c12111a5e",
                "sha256:9add70b36c5666a2ed02b43b335fe19002ee5235efd4b8a89bfcf9005bebac0d",
                "sha256:9bf40443012702a1d2070043cb6291650a0841ece432556f784f004937f0f32c",
                "sha256:ade5e387d2ad0d7ebf59146cc00c8044acbd863725f887353a10df825fc8ae21",
                "sha256:b00c1de48212e4cc9603895652c5c410df699856a2853135b3967591e4beebc2",
                "sha256:b1282f8c00509d99fef04d8ba936b156d419be841854fe901d8ae224c59f0be5",
                "sha256:b2051432115498d3562c084a49bba65d97cf251f5a331c64a12ee7e04dacc51b",
                "sha256:ba59edeaa2fc6114428f1637ffff42da1e311e29382d81b339c1817d37ec93c6",
                "sha256:c8716a48d94b06bb3b2524c2b77e055fb313aeb4ea620c8dd03a105574ba704f",
                "sha256:cd5df75523866410809ca100dc9681e301e3c27567cf498077e8551b6d20e42f",
                "sha256:e249096428b3ae81b08327a63a485ad0878de3fb939049038579ac0ef61e17e7"
            ],
            "version": "==1.1.1"
        },
        "mock": {
            "hashes": [
                "sha256:21a2c07af3bbc4a77f9d14ac18fcc1782e8e7ea363df718740cdeaf61995b5e7",
                "sha256:7868db2825a1563578869d4a011a036503a2f1d60f9ff9dd1e3205cd6e25fcec"
            ],
            "version": "==3.0.4"
        },
        "multipledispatch": {
            "hashes": [
                "sha256:407e6d8c5fa27075968ba07c4db3ef5f02bea4e871e959570eeb69ee39a6565b",
                "sha256:a55c512128fb3f7c2efd2533f2550accb93c35f1045242ef74645fc92a2c3cba",
                "sha256:a7ab1451fd0bf9b92cab3edbd7b205622fb767aeefb4fb536c2e3de9e0a38bea"
            ],
            "version": "==0.6.0"
        },
        "networkx": {
            "hashes": [
                "sha256:0d0e70e10dfb47601cbb3425a00e03e2a2e97477be6f80638fef91d54dd1e4b8",
                "sha256:1b229b54fe9ccb009cee4de02a88552191497a542a7d5d34adab216b9f15c1ff",
                "sha256:b3e0144d5fe6b7479b694e1b598a5545a38f3fc6f1e3c09173eb30f0c7a5770e"
            ],
            "version": "==1.11"
        },
        "numexpr": {
            "hashes": [
                "sha256:066d7202d3374d42203ce8ba2b007f14397fd083946abafebbc962215ead1759",
                "sha256:08196ac987324dc02147abcf1883b192aa5cd1a56a07c725310f1d0d703d5301",
                "sha256:37b04292cbb1e20bfb3428d5aeebe2bdd13368d458e508998087e40b68d8cc95",
                "sha256:426053be016a3584a10cae13f18692938ff7314988f69edd367b4ff60b370b5b",
                "sha256:47c205a2bca8477eaaa766ca2b86001ca0df4b61ae407196a3ba2420932b5dca",
                "sha256:4b65fe1b4565ccaab7a3617da1bd046987fb7dbc0bbe34e56aa08b05857259d1",
                "sha256:5839cd5f95b4088659cc5f6d25936c6a03a75c23be37f94a2885db0f6f234531",
                "sha256:5fe05f123e00170370c759734c395e5a4ae0ad4e6a3d370fd73e0dcd6669e665",
                "sha256:62d2853df0233fc04374679de20f39b93fdb7a664a0ee403fdb8e722328c5d4d",
                "sha256:688a25cfcd7be6fcce3f6d59fffca6105541e7a1598144b545b633a266e94113",
                "sha256:6a0470a6c07eaa6aa27affb9ee89ce91070747e44172870b020fd3ebe318950a",
                "sha256:6b70a0c372bb567ddb3039d046cccede284cee2a43688010a4110f6b2fe59421",
                "sha256:7f4e121bd59f3b5f7bbd9ca8873c815277c4994b22cfff8a7d57bdef9d00e939",
                "sha256:8213a3e84f3afadc0a4ab1fc0dab383482297f36dbf84b690bbe698b9b8c2ece",
                "sha256:97920e6c37553571ce55f951080d9e2b28589c1337c3788b5ae66dae3a0131d2",
                "sha256:9992ef8b9598a62364d46d4cb2f0f6285f4c77115f023dca821a50550044d8fc",
                "sha256:9c6b4dfcc978ad50a72f83fbaf0fe4706088f3b2623e365bc05036db4948e15d",
                "sha256:9ef58b5f8debcf0c573968f44709866210696aa476b0d22d9afe88da2bd70add",
                "sha256:a64bfd49359df8f87c34ed601ce857213d8678e314d8c99b972b36e35ff8f98f",
                "sha256:aa5b238af8f2915b39374d764ec0daa3d0a975a798f162c3ca30f1cd9fa9a274",
                "sha256:ae5c73f7412b7e70c88f6b384ad61e123d909b0c81a8d5edd33239eb9b5b3111",
                "sha256:c3850466765b9b374ff2ff40974a7b4b278b875f94314e038043f534aff8e139",
                "sha256:e99213c7fa5ffd5572afe065bab7a8507d750221e3fbba43fc15151056d108a1",
                "sha256:eac513cd2424c5f1b2c75bcb06402da407d74bb6f72584d599218228060c2468",
                "sha256:ecb0d0a1ac843f2b8c7afdc0c3ec4fcfcc275bbd0750065cc4112fcd14904c90",
                "sha256:ed96bc38a37fc34406ef76595235e5966d7d3a4123018e9a91d1b7307b4af425",
                "sha256:ee4c526517d89f92c9b9f9c1937ab15c9e3d33864213b4488e1dd30fbc43c87f",
                "sha256:fc218b777cdbb14fa8cff8f28175ee631bacabbdd41ca34e061325b6c44a6fa6"
            ],
            "version": "==2.6.9"
        },
        "numpy": {
            "hashes": [
                "sha256:0e2eed77804b2a6a88741f8fcac02c5499bba3953ec9c71e8b217fad4912c56c",
                "sha256:1c666f04553ef70fda54adf097dbae7080645435fc273e2397f26bbf1d127bbb",
                "sha256:1f46532afa7b2903bfb1b79becca2954c0a04389d19e03dc73f06b039048ac40",
                "sha256:315fa1b1dfc16ae0f03f8fd1c55f23fd15368710f641d570236f3d78af55e340",
                "sha256:3d5fcea4f5ed40c3280791d54da3ad2ecf896f4c87c877b113576b8280c59441",
                "sha256:48241759b99d60aba63b0e590332c600fc4b46ad597c9b0a53f350b871ef0634",
                "sha256:4b4f2924b36d857cf302aec369caac61e43500c17eeef0d7baacad1084c0ee84",
                "sha256:54fe3b7ed9e7eb928bbc4318f954d133851865f062fa4bbb02ef8940bc67b5d2",
                "sha256:5a8f021c70e6206c317974c93eaaf9bc2b56295b6b1cacccf88846e44a1f33fc",
                "sha256:754a6be26d938e6ca91942804eb209307b73f806a1721176278a6038869a1686",
                "sha256:771147e654e8b95eea1293174a94f34e2e77d5729ad44aefb62fbf8a79747a15",
                "sha256:78a6f89da87eeb48014ec652a65c4ffde370c036d780a995edaeb121d3625621",
                "sha256:7fde5c2a3a682a9e101e61d97696687ebdba47637611378b4127fe7e47fdf2bf",
                "sha256:80d99399c97f646e873dd8ce87c38cfdbb668956bbc39bc1e6cac4b515bba2a0",
                "sha256:88a72c1e45a0ae24d1f249a529d9f71fe82e6fa6a3fd61414b829396ec585900",
                "sha256:a4f4460877a16ac73302a9c077ca545498d9fe64e6a81398d8e1a67e4695e3df",
                "sha256:a61255a765b3ac73ee4b110b28fccfbf758c985677f526c2b4b39c48cc4b509d",
                "sha256:ab4896a8c910b9a04c0142871d8800c76c8a2e5ff44763513e1dd9d9631ce897",
                "sha256:abbd6b1c2ef6199f4b7ca9f818eb6b31f17b73a6110aadc4e4298c3f00fab24e",
                "sha256:b16d88da290334e33ea992c56492326ea3b06233a00a1855414360b77ca72f26",
                "sha256:b78a1defedb0e8f6ae1eb55fa6ac74ab42acc4569c3a2eacc2a407ee5d42ebcb",
                "sha256:cfef82c43b8b29ca436560d51b2251d5117818a8d1fb74a8384a83c096745dad",
                "sha256:d160e57731fcdec2beda807ebcabf39823c47e9409485b5a3a1db3a8c6ce763e"
            ],
            "index": "pypi",
            "version": "==1.16.3"
        },
        "pandas": {
            "hashes": [
                "sha256:02541a4fdd31315f213a5c8e18708abad719ee03eda05f603c4fe973e9b9d770",
                "sha256:052a66f58783a59ea38fdfee25de083b107baa81fdbe38fabd169d0f9efce2bf",
                "sha256:06efae5c00b9f4c6e6d3fe1eb52e590ff0ea8e5cb58032c724e04d31c540de53",
                "sha256:12f2a19d0b0adf31170d98d0e8bcbc59add0965a9b0c65d39e0665400491c0c5",
                "sha256:244ae0b9e998cfa88452a49b20e29bf582cc7c0e69093876d505aec4f8e1c7fe",
                "sha256:2907f3fe91ca2119ac3c38de6891bbbc83333bfe0d98309768fee28de563ee7a",
                "sha256:44a94091dd71f05922eec661638ec1a35f26d573c119aa2fad964f10a2880e6c",
                "sha256:587a9816cc663c958fcff7907c553b73fe196604f990bc98e1b71ebf07e45b44",
                "sha256:66403162c8b45325a995493bdd78ad4d8be085e527d721dbfa773d56fbba9c88",
                "sha256:68ac484e857dcbbd07ea7c6f516cc67f7f143f5313d9bc661470e7f473528882",
                "sha256:68b121d13177f5128a4c118bb4f73ba40df28292c038389961aa55ea5a996427",
                "sha256:97c8223d42d43d86ca359a57b4702ca0529c6553e83d736e93a5699951f0f8db",
                "sha256:af0dbac881f6f87acd325415adea0ce8cccf28f5d4ad7a54b6a1e176e2f7bf70",
                "sha256:c2cd884794924687edbaad40d18ac984054d247bb877890932c4d41e3c3aba31",
                "sha256:c372db80a5bcb143c9cb254d50f902772c3b093a4f965275197ec2d2184b1e61"
            ],
            "version": "==0.22.0"
        },
        "pandas-datareader": {
            "hashes": [
                "sha256:6a5ad8c9ca27af148d06ac8eb526914cc12d04ae1d93af423d173279e2226c46",
                "sha256:7dee3fe6fa483c8c2ee4f1af91a65b542c5446d75a6fc25c832cad1ffca8ef0b"
            ],
            "version": "==0.7.0"
        },
        "parso": {
            "hashes": [
                "sha256:17cc2d7a945eb42c3569d4564cdf49bde221bc2b552af3eca9c1aad517dcdd33",
                "sha256:2e9574cb12e7112a87253e14e2c380ce312060269d04bd018478a3c92ea9a376"
            ],
            "version": "==0.4.0"
        },
        "patsy": {
            "hashes": [
                "sha256:5465be1c0e670c3a965355ec09e9a502bf2c4cbe4875e8528b0221190a8a5d40",
                "sha256:f115cec4201e1465cd58b9866b0b0e7b941caafec129869057405bfe5b5e3991"
            ],
            "version": "==0.5.1"
        },
        "pexpect": {
            "hashes": [
                "sha256:2094eefdfcf37a1fdbfb9aa090862c1a4878e5c7e0e7e7088bdb511c558e5cd1",
                "sha256:9e2c1fd0e6ee3a49b28f95d4b33bc389c89b20af6a1255906e90ff1262ce62eb"
            ],
            "markers": "sys_platform != 'win32'",
            "version": "==4.7.0"
        },
        "pickleshare": {
            "hashes": [
                "sha256:87683d47965c1da65cdacaf31c8441d12b8044cdec9aca500cd78fc2c683afca",
                "sha256:9649af414d74d4df115d5d718f82acb59c9d418196b7b4290ed47a12ce62df56"
            ],
            "version": "==0.7.5"
        },
        "pipeline-live": {
            "hashes": [
                "sha256:3c4d75798e8e3e7dc2b94a9b9bd881ffbcd9d7e42dc4520e62c71a08590f5700",
                "sha256:6c2798c40cd379c4854a3f57a1af9599e3eb6f4cf4723caec8449d76c7bf98fe"
            ],
            "index": "pypi",
            "version": "==0.1.4"
        },
        "prompt-toolkit": {
            "hashes": [
                "sha256:11adf3389a996a6d45cc277580d0d53e8a5afd281d0c9ec71b28e6f121463780",
                "sha256:2519ad1d8038fd5fc8e770362237ad0364d16a7650fb5724af6997ed5515e3c1",
                "sha256:977c6583ae813a37dc1c2e1b715892461fcbdaa57f6fc62f33a528c4886c8f55"
            ],
            "version": "==2.0.9"
        },
        "ptyprocess": {
            "hashes": [
                "sha256:923f299cc5ad920c68f2bc0bc98b75b9f838b93b599941a6b63ddbc2476394c0",
                "sha256:d7cc528d76e76342423ca640335bd3633420dc1366f258cb31d05e865ef5ca1f"
            ],
            "version": "==0.6.0"
        },
        "pygments": {
            "hashes": [
                "sha256:5ffada19f6203563680669ee7f53b64dabbeb100eb51b61996085e99c03b284a",
                "sha256:e8218dd399a61674745138520d0d4cf2621d7e032439341bc3f647bff125818d"
            ],
            "version": "==2.3.1"
        },
        "pylivetrader": {
            "hashes": [
                "sha256:1481890eaf536f766b4bf31cbd1de70341170235f30a40500868ff56a11f8a30",
                "sha256:c0fa434b3e211f78f8c0cc0c2b6c49cf46c3fe8681bba0778579b2036eeea1b5"
            ],
            "index": "pypi",
            "version": "==0.0.25"
        },
        "python-dateutil": {
            "hashes": [
                "sha256:7e6584c74aeed623791615e26efd690f29817a27c73085b78e4bad02493df2fb",
                "sha256:c89805f6f4d64db21ed966fda138f8a5ed7a4fdbc1a8ee329ce1b74e3c74da9e"
            ],
            "version": "==2.8.0"
        },
        "python-editor": {
            "hashes": [
                "sha256:1bf6e860a8ad52a14c3ee1252d5dc25b2030618ed80c022598f00176adc8367d",
                "sha256:51fda6bcc5ddbbb7063b2af7509e43bd84bfc32a4ff71349ec7847713882327b",
                "sha256:5f98b069316ea1c2ed3f67e7f5df6c0d8f10b689964a4a811ff64f0106819ec8"
            ],
            "version": "==1.0.4"
        },
        "pytz": {
            "hashes": [
                "sha256:303879e36b721603cc54604edcac9d20401bdbe31e1e4fdee5b9f98d5d31dfda",
                "sha256:d747dd3d23d77ef44c6a3526e274af6efeb0a6f1afd5a69ba4d5be4098c8e141"
            ],
            "version": "==2019.1"
        },
        "pyyaml": {
            "hashes": [
                "sha256:1adecc22f88d38052fb787d959f003811ca858b799590a5eaa70e63dca50308c",
                "sha256:436bc774ecf7c103814098159fbb84c2715d25980175292c648f2da143909f95",
                "sha256:460a5a4248763f6f37ea225d19d5c205677d8d525f6a83357ca622ed541830c2",
                "sha256:5a22a9c84653debfbf198d02fe592c176ea548cccce47553f35f466e15cf2fd4",
                "sha256:7a5d3f26b89d688db27822343dfa25c599627bc92093e788956372285c6298ad",
                "sha256:9372b04a02080752d9e6f990179a4ab840227c6e2ce15b95e1278456664cf2ba",
                "sha256:a5dcbebee834eaddf3fa7366316b880ff4062e4bcc9787b78c7fbb4a26ff2dd1",
                "sha256:aee5bab92a176e7cd034e57f46e9df9a9862a71f8f37cad167c6fc74c65f5b4e",
                "sha256:c51f642898c0bacd335fc119da60baae0824f2cde95b0330b56c0553439f0673",
                "sha256:c68ea4d3ba1705da1e0d85da6684ac657912679a649e8868bd850d2c299cce13",
                "sha256:e23d0cc5299223dcc37885dae624f382297717e459ea24053709675a976a3e19"
            ],
            "version": "==5.1"
        },
        "requests": {
            "hashes": [
                "sha256:502a824f31acdacb3a35b6690b5fbf0bc41d63a24a45c4004352b0242707598e",
                "sha256:7bf2a778576d825600030a110f3c0e3e8edc51dfaafe1c146e39a2027784957b"
            ],
            "version": "==2.21.0"
        },
        "requests-file": {
            "hashes": [
                "sha256:75c175eed739270aec3c5279ffd74e6527dada275c5c0d76b5817e9c86bb7dea",
                "sha256:8f04aa6201bacda0567e7ac7f677f1499b0fc76b22140c54bc06edf1ba92e2fa"
            ],
            "version": "==1.4.3"
        },
        "scipy": {
            "hashes": [
                "sha256:014cb900c003b5ac81a53f2403294e8ecf37aedc315b59a6b9370dce0aa7627a",
                "sha256:281a34da34a5e0de42d26aed692ab710141cad9d5d218b20643a9cb538ace976",
                "sha256:588f9cc4bfab04c45fbd19c1354b5ade377a8124d6151d511c83730a9b6b2338",
                "sha256:5a10661accd36b6e2e8855addcf3d675d6222006a15795420a39c040362def66",
                "sha256:628f60be272512ca1123524969649a8cb5ae8b31cca349f7c6f8903daf9034d7",
                "sha256:6dcc43a88e25b815c2dea1c6fac7339779fc988f5df8396e1de01610604a7c38",
                "sha256:70e37cec0ac0fe95c85b74ca4e0620169590fd5d3f44765f3c3a532cedb0e5fd",
                "sha256:7274735fb6fb5d67d3789ddec2cd53ed6362539b41aa6cc0d33a06c003aaa390",
                "sha256:78e12972e144da47326958ac40c2bd1c1cca908edc8b01c26a36f9ffd3dce466",
                "sha256:790cbd3c8d09f3a6d9c47c4558841e25bac34eb7a0864a9def8f26be0b8706af",
                "sha256:79792c8fe8e9d06ebc50fe23266522c8c89f20aa94ac8e80472917ecdce1e5ba",
                "sha256:865afedf35aaef6df6344bee0de391ee5e99d6e802950a237f9fb9b13e441f91",
                "sha256:870fd401ec7b64a895cff8e206ee16569158db00254b2f7157b4c9a5db72c722",
                "sha256:963815c226b29b0176d5e3d37fc9de46e2778ce4636a5a7af11a48122ef2577c",
                "sha256:9726791484f08e394af0b59eb80489ad94d0a53bbb58ab1837dcad4d58489863",
                "sha256:9de84a71bb7979aa8c089c4fb0ea0e2ed3917df3fb2a287a41aaea54bbad7f5d",
                "sha256:b2c324ddc5d6dbd3f13680ad16a29425841876a84a1de23a984236d1afff4fa6",
                "sha256:b86ae13c597fca087cb8c193870507c8916cefb21e52e1897da320b5a35075e5",
                "sha256:ba0488d4dbba2af5bf9596b849873102d612e49a118c512d9d302ceafa36e01a",
                "sha256:d78702af4102a3a4e23bb7372cec283e78f32f5573d92091aa6aaba870370fe1",
                "sha256:def0e5d681dd3eb562b059d355ae8bebe27f5cc455ab7c2b6655586b63d3a8ea",
                "sha256:e085d1babcb419bbe58e2e805ac61924dac4ca45a07c9fa081144739e500aa3c",
                "sha256:e2cfcbab37c082a5087aba5ff00209999053260441caadd4f0e8f4c2d6b72088",
                "sha256:e742f1f5dcaf222e8471c37ee3d1fd561568a16bb52e031c25674ff1cf9702d5",
                "sha256:f06819b028b8ef9010281e74c59cb35483933583043091ed6b261bb1540f11cc",
                "sha256:f15f2d60a11c306de7700ee9f65df7e9e463848dbea9c8051e293b704038da60",
                "sha256:f31338ee269d201abe76083a990905473987371ff6f3fdb76a3f9073a361cf37",
                "sha256:f6b88c8d302c3dac8dff7766955e38d670c82e0d79edfc7eae47d6bb2c186594"
            ],
            "version": "==1.2.1"
        },
        "six": {
            "hashes": [
                "sha256:3350809f0555b11f552448330d0b52d5f24c91a322ea4a15ef22629740f3761c",
                "sha256:d16a0141ec1a18405cd4ce8b4613101da75da0e9a7aec5bdd4fa804d0e0eba73"
            ],
            "version": "==1.12.0"
        },
        "sortedcontainers": {
            "hashes": [
                "sha256:974e9a32f56b17c1bac2aebd9dcf197f3eb9cd30553c5852a3187ad162e1a03a",
                "sha256:d9e96492dd51fae31e60837736b38fe42a187b5404c16606ff7ee7cd582d4c60"
            ],
            "version": "==2.1.0"
        },
        "sqlalchemy": {
            "hashes": [
                "sha256:91c54ca8345008fceaec987e10924bf07dcab36c442925357e5a467b36a38319"
            ],
            "version": "==1.3.3"
        },
        "statsmodels": {
            "hashes": [
                "sha256:0fd6af8db18b776c81c8fba54de20e9ec2f11b9310871b6b666d8805e3cf5ece",
                "sha256:18844bbd95fcf62885d195571334762533ae16de182e1032ccc1595a98ffffb4",
                "sha256:27e87cc6cd390fce8f44df225dadf589e1df6272f36b267ccdece2a9c4f52938",
                "sha256:2902f5eef49fc38c112ffd8168dd76f7ae27f6cb5aa735cf55bc887b49aaec6e",
                "sha256:31c2e26436a992e66355c0b3ef4b7c9714a0aa8375952d24f0593ac7c417b1e9",
                "sha256:5d91ad30b8e20a45f583077ffeb4352be01955033f3dcd09bc06c30be1d29e8f",
                "sha256:5de3d525b9a8679cd6c0f7f7c8cb8508275ab86cc3c1a140b2dc6b6390adb943",
                "sha256:6461f93a842c649922c2c9a9bc9d9c4834110b89de8c4af196a791ab8f42ba3b",
                "sha256:78d1b40c18d41f6c683c1c184be146264a782d409a89d8ed6c78acd1e1c11659",
                "sha256:7c1a7cf557139f4bcbf97172268a8001156e42a7eeccca04d15c0cb7c3491ada",
                "sha256:8532885c5778f94dae7ad83c4ac3f6916d4c8eb294f47ecefe2f0d3b967e6a16",
                "sha256:95d35b33a301ded560662c733780ce58b37e218d122bb1b9c14e216aa9d42a2a",
                "sha256:b48e283ba171698dca3989c0c03e6f25d3f431640383d926235d26ce48f3891c",
                "sha256:b4b4b25c0e4228b1d33098894c3b29f4546e45afb29b333582cbaa5e16f38f3c",
                "sha256:c06fd4af98f4c7ab61c9a79fd051ad4d7247991a691c3b4883c611029bac30a2",
                "sha256:d2003c70c854f35a6446a465c61c994486039feb2fd47345a1e9984e95d55878",
                "sha256:d7182803cdb09f1f17a335c0eae71d84905da9b0bc35c3d2c2379745f33096d9",
                "sha256:d9b85bd98e90a02f2192084a85c857465e40e508629ac922242dba70731d0449",
                "sha256:e2d9fd696e2d1523386d0f64f115352acbfaf59d5ca4c681c23ea064393a2ac4",
                "sha256:ede078fdc9af857ed454d1e9e51831b2d577255c794d4044ecc332d40f3e3b36",
                "sha256:f512afa7bc10b848aaacab5dfff6f61255142dd3a5581f82980c12745b0b6cd3",
                "sha256:fbf789cc6d3fadca4350fa87e5f710ad2628e1fdff71bf8f853ecd49599ebe23"
            ],
            "version": "==0.9.0"
        },
        "ta-lib": {
            "hashes": [
                "sha256:16ab1e33c547fe72c10c28b02f6ae342fbcc7eef6a49ba961c639a6020aba56a"
            ],
            "index": "pypi",
            "version": "==0.4.17"
        },
        "tables": {
            "hashes": [
                "sha256:08ebb38c46a3833acb297f4d9fbb256ed28e0671cb0edef7e4ab6b29134d2f9d",
                "sha256:102e55c6c85790ae58a202d3e1e82b78c8f3bf2ab38490f2b01d7ec9010165de",
                "sha256:1fcf8802f8715731424277ffdd1faf4428371f40aefee1f8b1a14ef8d775ded0",
                "sha256:221f1734ce6318cbf95994c574d78a3f56d57635effd474911116af20d9158cb",
                "sha256:2fcfd88df0a081e7624d80dd991f25ba23f9300950289aa5766b8625db70ec3a",
                "sha256:3354d8d7e9638b6afc8e86b8858576314abac7e8479081c55f43907532866f37",
                "sha256:39c9a942cf1179504d9fe73d00d07c3ae7b434bab822b1ad07dc345442eeb39e",
                "sha256:3f744c006dfc105a0e4674ba4bdad68c2cb9ea2dfd2bb5cb4eb43d87602e8a28",
                "sha256:45987da933b549ae5592a4da9b5bb4e6519eaeada01f2838c301c0ee5b0bc774",
                "sha256:51032a5976f65fcb076b29cd7337b272539bf034aeb1dc3e9c0d28df7d94e2e1",
                "sha256:56967b8497b1aa898b43525e95e2e8b3085f20c30f2f6638af3e59e8cdf340ac",
                "sha256:5b6035ecfff22deb7b82c35e34caa21a92134704af9b60ab006e562061f119f1",
                "sha256:5fc2813c1ef24c88483e0accfd3ce971cfa6e47bbc00538c6d5b06c9ec2675e9",
                "sha256:66880416323b9e00c88f372f57210bc716d14c63eec8afc5dbeed7701955e754",
                "sha256:6aced515f538c2c45afb3c7951df3cea3e9f37df5ef7743e233b35905b7a1d58",
                "sha256:779d51bf969626b92738847686a44aeb9d48a92af9f38b94ad7b9f455fd65f58",
                "sha256:81d036e5c1f3912698507f176499a820e0c6f1f5bf7fa135acd5dc331de95204",
                "sha256:88e2f3be1f143febc8bf8a7fe49ad51fc12518d6a1ac4eb641778d93e5dc2039",
                "sha256:9d65f20af462e1e735414937225d50e126ba4cdca91d5908b0994a3f7d457666",
                "sha256:b17af3f07c9b1afc723742c9f067fa8b3bd034676ca4eefaca8d251f22693342",
                "sha256:b22284e1d9fd4bd3ea4d357ce939078c44af4b23b9a2a3f1189a54a67a93f57a",
                "sha256:d8f4091ca8f521ddea0e7702269b87a721443439981f9ab06544e3dcd6ed314b",
                "sha256:fb7a873a86dfc801256cd295547d7fae2632a09cf37a349f9951a593a178bdc3"
            ],
            "version": "==3.5.1"
        },
        "toolz": {
            "hashes": [
                "sha256:929f0a7ea7f61c178bd951bdae93920515d3fbdbafc8e6caf82d752b9b3b31c9"
            ],
            "version": "==0.9.0"
        },
        "trading-calendars": {
            "hashes": [
                "sha256:b8461311d2672ddbff542b00bea6550ab706a42c7bde1bb8429b6f6ca54436f3"
            ],
            "version": "==1.7.0"
        },
        "traitlets": {
            "hashes": [
                "sha256:9c4bd2d267b7153df9152698efb1050a5d84982d3384a37b2c1f7723ba3e7835",
                "sha256:c6cb5e6f57c5a9bdaa40fa71ce7b4af30298fbab9ece9815b5d995ab6217c7d9"
            ],
            "version": "==4.3.2"
        },
        "urllib3": {
            "hashes": [
                "sha256:2393a695cd12afedd0dcb26fe5d50d0cf248e5a66f75dbd89a3d4eb333a61af4",
                "sha256:a637e5fae88995b256e3409dc4d52c2e2e0ba32c42a6365fee8bbd2238de3cfb"
            ],
            "version": "==1.24.3"
        },
        "wcwidth": {
            "hashes": [
                "sha256:3df37372226d6e63e1b1e1eda15c594bca98a22d33a23832a90998faa96bc65e",
                "sha256:f4ebe71925af7b40a864553f761ed559b43544f8f71746c2d756c7fe788ade7c"
            ],
            "version": "==0.1.7"
        },
        "websocket-client": {
            "hashes": [
                "sha256:1151d5fb3a62dc129164292e1227655e4bbc5dd5340a5165dfae61128ec50aa9",
                "sha256:1fd5520878b68b84b5748bb30e592b10d0a91529d5383f74f4964e72b297fd3a"
            ],
            "version": "==0.56.0"
        },
        "websockets": {
            "hashes": [
                "sha256:04b42a1b57096ffa5627d6a78ea1ff7fad3bc2c0331ffc17bc32a4024da7fea0",
                "sha256:08e3c3e0535befa4f0c4443824496c03ecc25062debbcf895874f8a0b4c97c9f",
                "sha256:10d89d4326045bf5e15e83e9867c85d686b612822e4d8f149cf4840aab5f46e0",
                "sha256:232fac8a1978fc1dead4b1c2fa27c7756750fb393eb4ac52f6bc87ba7242b2fa",
                "sha256:4bf4c8097440eff22bc78ec76fe2a865a6e658b6977a504679aaf08f02c121da",
                "sha256:51642ea3a00772d1e48fb0c492f0d3ae3b6474f34d20eca005a83f8c9c06c561",
                "sha256:55d86102282a636e195dad68aaaf85b81d0bef449d7e2ef2ff79ac450bb25d53",
                "sha256:564d2675682bd497b59907d2205031acbf7d3fadf8c763b689b9ede20300b215",
                "sha256:5d13bf5197a92149dc0badcc2b699267ff65a867029f465accfca8abab95f412",
                "sha256:5eda665f6789edb9b57b57a159b9c55482cbe5b046d7db458948370554b16439",
                "sha256:5edb2524d4032be4564c65dc4f9d01e79fe8fad5f966e5b552f4e5164fef0885",
                "sha256:79691794288bc51e2a3b8de2bc0272ca8355d0b8503077ea57c0716e840ebaef",
                "sha256:7fcc8681e9981b9b511cdee7c580d5b005f3bb86b65bde2188e04a29f1d63317",
                "sha256:8e447e05ec88b1b408a4c9cde85aa6f4b04f06aa874b9f0b8e8319faf51b1fee",
                "sha256:90ea6b3e7787620bb295a4ae050d2811c807d65b1486749414f78cfd6fb61489",
                "sha256:9e13239952694b8b831088431d15f771beace10edfcf9ef230cefea14f18508f",
                "sha256:d40f081187f7b54d7a99d8a5c782eaa4edc335a057aa54c85059272ed826dc09",
                "sha256:e1df1a58ed2468c7b7ce9a2f9752a32ad08eac2bcd56318625c3647c2cd2da6f",
                "sha256:e98d0cec437097f09c7834a11c69d79fe6241729b23f656cfc227e93294fc242",
                "sha256:f8d59627702d2ff27cb495ca1abdea8bd8d581de425c56e93bff6517134e0a9b",
                "sha256:fc30cdf2e949a2225b012a7911d1d031df3d23e99b7eda7dfc982dc4a860dae9"
            ],
            "version": "==7.0"
        },
        "wrapt": {
            "hashes": [
                "sha256:13dcf9bae793a11e77f1f2b38abab6182c5df01bbdfe051f3fb49caa05b6658d",
                "sha256:4aea003270831cceb8a90ff27c4031da6ead7ec1886023b80ce0dfe0adf61533"
            ],
            "version": "==1.11.1"
        },
        "zipline": {
            "hashes": [
                "sha256:19b6607845d8d9dfa51c5679c65a143a04172f76fff70a58f9a835a69a25fbf9"
            ],
            "version": "==1.3.0"
        }
    },
    "develop": {
        "atomicwrites": {
            "hashes": [
                "sha256:03472c30eb2c5d1ba9227e4c2ca66ab8287fbfbbda3888aa93dc2e28fc6811b4",
                "sha256:75a9445bac02d8d058d5e1fe689654ba5a6556a1dfd8ce6ec55a0ed79866cfa6"
            ],
            "version": "==1.3.0"
        },
        "attrs": {
            "hashes": [
                "sha256:69c0dbf2ed392de1cb5ec704444b08a5ef81680a61cb899dc08127123af36a79",
                "sha256:f0b870f674851ecbfbbbd364d6b5cbdff9dcedbc7f3f5e18a6891057f21fe399"
            ],
            "version": "==19.1.0"
        },
        "backcall": {
            "hashes": [
                "sha256:38ecd85be2c1e78f77fd91700c76e14667dc21e2713b63876c0eb901196e01e4",
                "sha256:bbbf4b1e5cd2bdb08f915895b51081c041bac22394fdfcfdfbe9f14b77c08bf2"
            ],
            "version": "==0.1.0"
        },
        "coverage": {
            "hashes": [
                "sha256:3684fabf6b87a369017756b551cef29e505cb155ddb892a7a29277b978da88b9",
                "sha256:39e088da9b284f1bd17c750ac672103779f7954ce6125fd4382134ac8d152d74",
                "sha256:3c205bc11cc4fcc57b761c2da73b9b72a59f8d5ca89979afb0c1c6f9e53c7390",
                "sha256:465ce53a8c0f3a7950dfb836438442f833cf6663d407f37d8c52fe7b6e56d7e8",
                "sha256:48020e343fc40f72a442c8a1334284620f81295256a6b6ca6d8aa1350c763bbe",
                "sha256:5296fc86ab612ec12394565c500b412a43b328b3907c0d14358950d06fd83baf",
                "sha256:5f61bed2f7d9b6a9ab935150a6b23d7f84b8055524e7be7715b6513f3328138e",
                "sha256:68a43a9f9f83693ce0414d17e019daee7ab3f7113a70c79a3dd4c2f704e4d741",
                "sha256:6b8033d47fe22506856fe450470ccb1d8ba1ffb8463494a15cfc96392a288c09",
                "sha256:7ad7536066b28863e5835e8cfeaa794b7fe352d99a8cded9f43d1161be8e9fbd",
                "sha256:7bacb89ccf4bedb30b277e96e4cc68cd1369ca6841bde7b005191b54d3dd1034",
                "sha256:839dc7c36501254e14331bcb98b27002aa415e4af7ea039d9009409b9d2d5420",
                "sha256:8f9a95b66969cdea53ec992ecea5406c5bd99c9221f539bca1e8406b200ae98c",
                "sha256:932c03d2d565f75961ba1d3cec41ddde00e162c5b46d03f7423edcb807734eab",
                "sha256:988529edadc49039d205e0aa6ce049c5ccda4acb2d6c3c5c550c17e8c02c05ba",
                "sha256:998d7e73548fe395eeb294495a04d38942edb66d1fa61eb70418871bc621227e",
                "sha256:9de60893fb447d1e797f6bf08fdf0dbcda0c1e34c1b06c92bd3a363c0ea8c609",
                "sha256:9e80d45d0c7fcee54e22771db7f1b0b126fb4a6c0a2e5afa72f66827207ff2f2",
                "sha256:a545a3dfe5082dc8e8c3eb7f8a2cf4f2870902ff1860bd99b6198cfd1f9d1f49",
                "sha256:a5d8f29e5ec661143621a8f4de51adfb300d7a476224156a39a392254f70687b",
                "sha256:aca06bfba4759bbdb09bf52ebb15ae20268ee1f6747417837926fae990ebc41d",
                "sha256:bb23b7a6fd666e551a3094ab896a57809e010059540ad20acbeec03a154224ce",
                "sha256:bfd1d0ae7e292105f29d7deaa9d8f2916ed8553ab9d5f39ec65bcf5deadff3f9",
                "sha256:c62ca0a38958f541a73cf86acdab020c2091631c137bd359c4f5bddde7b75fd4",
                "sha256:c709d8bda72cf4cd348ccec2a4881f2c5848fd72903c185f363d361b2737f773",
                "sha256:c968a6aa7e0b56ecbd28531ddf439c2ec103610d3e2bf3b75b813304f8cb7723",
                "sha256:df785d8cb80539d0b55fd47183264b7002077859028dfe3070cf6359bf8b2d9c",
                "sha256:f406628ca51e0ae90ae76ea8398677a921b36f0bd71aab2099dfed08abd0322f",
                "sha256:f46087bbd95ebae244a0eda01a618aff11ec7a069b15a3ef8f6b520db523dcf1",
                "sha256:f8019c5279eb32360ca03e9fac40a12667715546eed5c5eb59eb381f2f501260",
                "sha256:fc5f4d209733750afd2714e9109816a29500718b32dd9a5db01c0cb3a019b96a"
            ],
            "version": "==4.5.3"
        },
        "decorator": {
            "hashes": [
                "sha256:86156361c50488b84a3f148056ea716ca587df2f0de1d34750d35c21312725de",
                "sha256:f069f3a01830ca754ba5258fde2278454a0b5b79e0d7f5c13b3b97e57d4acff6"
            ],
            "version": "==4.4.0"
        },
        "ipython": {
            "hashes": [
                "sha256:54c5a8aa1eadd269ac210b96923688ccf01ebb2d0f21c18c3c717909583579a8",
                "sha256:e840810029224b56cd0d9e7719dc3b39cf84d577f8ac686547c8ba7a06eeab26"
            ],
            "version": "==7.5.0"
        },
        "ipython-genutils": {
            "hashes": [
                "sha256:72dd37233799e619666c9f639a9da83c34013a73e8bbc79a7a6348d93c61fab8",
                "sha256:eb2e116e75ecef9d4d228fdc66af54269afa26ab4463042e33785b887c628ba8"
            ],
            "version": "==0.2.0"
        },
        "jedi": {
            "hashes": [
                "sha256:2bb0603e3506f708e792c7f4ad8fc2a7a9d9c2d292a358fbbd58da531695595b",
                "sha256:2c6bcd9545c7d6440951b12b44d373479bf18123a401a52025cf98563fbd826c"
            ],
            "version": "==0.13.3"
        },
        "more-itertools": {
            "hashes": [
                "sha256:2112d2ca570bb7c3e53ea1a35cd5df42bb0fd10c45f0fb97178679c3c03d64c7",
                "sha256:c3e4748ba1aad8dba30a4886b0b1a2004f9a863837b8654e7059eebf727afa5a"
            ],
            "markers": "python_version > '2.7'",
            "version": "==7.0.0"
        },
        "parso": {
            "hashes": [
                "sha256:17cc2d7a945eb42c3569d4564cdf49bde221bc2b552af3eca9c1aad517dcdd33",
                "sha256:2e9574cb12e7112a87253e14e2c380ce312060269d04bd018478a3c92ea9a376"
            ],
            "version": "==0.4.0"
        },
        "pexpect": {
            "hashes": [
                "sha256:2094eefdfcf37a1fdbfb9aa090862c1a4878e5c7e0e7e7088bdb511c558e5cd1",
                "sha256:9e2c1fd0e6ee3a49b28f95d4b33bc389c89b20af6a1255906e90ff1262ce62eb"
            ],
            "markers": "sys_platform != 'win32'",
            "version": "==4.7.0"
        },
        "pickleshare": {
            "hashes": [
                "sha256:87683d47965c1da65cdacaf31c8441d12b8044cdec9aca500cd78fc2c683afca",
                "sha256:9649af414d74d4df115d5d718f82acb59c9d418196b7b4290ed47a12ce62df56"
            ],
            "version": "==0.7.5"
        },
        "pluggy": {
            "hashes": [
                "sha256:25a1bc1d148c9a640211872b4ff859878d422bccb59c9965e04eed468a0aa180",
                "sha256:964cedd2b27c492fbf0b7f58b3284a09cf7f99b0f715941fb24a439b3af1bd1a"
            ],
            "version": "==0.11.0"
        },
        "prompt-toolkit": {
            "hashes": [
                "sha256:11adf3389a996a6d45cc277580d0d53e8a5afd281d0c9ec71b28e6f121463780",
                "sha256:2519ad1d8038fd5fc8e770362237ad0364d16a7650fb5724af6997ed5515e3c1",
                "sha256:977c6583ae813a37dc1c2e1b715892461fcbdaa57f6fc62f33a528c4886c8f55"
            ],
            "version": "==2.0.9"
        },
        "ptyprocess": {
            "hashes": [
                "sha256:923f299cc5ad920c68f2bc0bc98b75b9f838b93b599941a6b63ddbc2476394c0",
                "sha256:d7cc528d76e76342423ca640335bd3633420dc1366f258cb31d05e865ef5ca1f"
            ],
            "version": "==0.6.0"
        },
        "py": {
            "hashes": [
                "sha256:64f65755aee5b381cea27766a3a147c3f15b9b6b9ac88676de66ba2ae36793fa",
                "sha256:dc639b046a6e2cff5bbe40194ad65936d6ba360b52b3c3fe1d08a82dd50b5e53"
            ],
            "version": "==1.8.0"
        },
        "pygments": {
            "hashes": [
                "sha256:5ffada19f6203563680669ee7f53b64dabbeb100eb51b61996085e99c03b284a",
                "sha256:e8218dd399a61674745138520d0d4cf2621d7e032439341bc3f647bff125818d"
            ],
            "version": "==2.3.1"
        },
        "pytest": {
            "hashes": [
                "sha256:3773f4c235918987d51daf1db66d51c99fac654c81d6f2f709a046ab446d5e5d",
                "sha256:b7802283b70ca24d7119b32915efa7c409982f59913c1a6c0640aacf118b95f5"
            ],
            "index": "pypi",
            "version": "==4.4.1"
        },
        "pytest-cov": {
            "hashes": [
                "sha256:2b097cde81a302e1047331b48cadacf23577e431b61e9c6f49a1170bbe3d3da6",
                "sha256:e00ea4fdde970725482f1f35630d12f074e121a23801aabf2ae154ec6bdd343a"
            ],
            "index": "pypi",
            "version": "==2.7.1"
        },
        "six": {
            "hashes": [
                "sha256:3350809f0555b11f552448330d0b52d5f24c91a322ea4a15ef22629740f3761c",
                "sha256:d16a0141ec1a18405cd4ce8b4613101da75da0e9a7aec5bdd4fa804d0e0eba73"
            ],
            "version": "==1.12.0"
        },
        "traitlets": {
            "hashes": [
                "sha256:9c4bd2d267b7153df9152698efb1050a5d84982d3384a37b2c1f7723ba3e7835",
                "sha256:c6cb5e6f57c5a9bdaa40fa71ce7b4af30298fbab9ece9815b5d995ab6217c7d9"
            ],
            "version": "==4.3.2"
        },
        "wcwidth": {
            "hashes": [
                "sha256:3df37372226d6e63e1b1e1eda15c594bca98a22d33a23832a90998faa96bc65e",
                "sha256:f4ebe71925af7b40a864553f761ed559b43544f8f71746c2d756c7fe788ade7c"
            ],
            "version": "==0.1.7"
        }
    }
}
